// !$*UTF8*$!
{
	archiveVersion = 1;
	classes = {
	};
	objectVersion = 46;
	objects = {

/* Begin PBXBuildFile section */
		8F465BB31C3CE245000163EC /* LICENSE.txt in Resources */ = {isa = PBXBuildFile; fileRef = 8F465BAB1C3CE245000163EC /* LICENSE.txt */; };
		8F465BB41C3CE245000163EC /* README.md in Sources */ = {isa = PBXBuildFile; fileRef = 8F465BAC1C3CE245000163EC /* README.md */; };
		8F465BB51C3CE245000163EC /* SVIndefiniteAnimatedView.m in Sources */ = {isa = PBXBuildFile; fileRef = 8F465BAF1C3CE245000163EC /* SVIndefiniteAnimatedView.m */; };
		8F465BB61C3CE245000163EC /* SVProgressHUD.bundle in Resources */ = {isa = PBXBuildFile; fileRef = 8F465BB01C3CE245000163EC /* SVProgressHUD.bundle */; };
		8F465BB71C3CE245000163EC /* SVProgressHUD.m in Sources */ = {isa = PBXBuildFile; fileRef = 8F465BB21C3CE245000163EC /* SVProgressHUD.m */; };
		8F465BC01C3D1119000163EC /* XBBOrderTableViewCell.m in Sources */ = {isa = PBXBuildFile; fileRef = 8F465BBE1C3D1119000163EC /* XBBOrderTableViewCell.m */; };
		8F465BC11C3D1119000163EC /* XBBOrderTableViewCell.xib in Resources */ = {isa = PBXBuildFile; fileRef = 8F465BBF1C3D1119000163EC /* XBBOrderTableViewCell.xib */; };
		8F465BDB1C3E4354000163EC /* XbbPopView.m in Sources */ = {isa = PBXBuildFile; fileRef = 8F465BDA1C3E4354000163EC /* XbbPopView.m */; };
		8F465BE01C3E6752000163EC /* XBBNotDataView.m in Sources */ = {isa = PBXBuildFile; fileRef = 8F465BDF1C3E6752000163EC /* XBBNotDataView.m */; };
		8F7642B51C3B6D800094B46C /* InfoPlist.strings in Resources */ = {isa = PBXBuildFile; fileRef = 8F7642B71C3B6D800094B46C /* InfoPlist.strings */; };
		8F7642BB1C3B71850094B46C /* Localizable.strings in Resources */ = {isa = PBXBuildFile; fileRef = 8F7642BD1C3B71850094B46C /* Localizable.strings */; };
		8F7642CF1C3B88A10094B46C /* XBBBaseTableViewController.m in Sources */ = {isa = PBXBuildFile; fileRef = 8F7642CE1C3B88A10094B46C /* XBBBaseTableViewController.m */; };
		8F7642D21C3B88EB0094B46C /* XBBBaseNavigationViewController.m in Sources */ = {isa = PBXBuildFile; fileRef = 8F7642D11C3B88EB0094B46C /* XBBBaseNavigationViewController.m */; };
		8F7642DC1C3B91E70094B46C /* XBBHomeViewConctroller.m in Sources */ = {isa = PBXBuildFile; fileRef = 8F7642DB1C3B91E70094B46C /* XBBHomeViewConctroller.m */; };
		8F7642E11C3B96830094B46C /* Reachability.m in Sources */ = {isa = PBXBuildFile; fileRef = 8F7642E01C3B96830094B46C /* Reachability.m */; };
		8F7642E51C3B9B820094B46C /* XBBLoginViewController.m in Sources */ = {isa = PBXBuildFile; fileRef = 8F7642E41C3B9B820094B46C /* XBBLoginViewController.m */; };
		8F7642F61C3BBE4F0094B46C /* SystemConfiguration.framework in Frameworks */ = {isa = PBXBuildFile; fileRef = 8F7642F51C3BBE4F0094B46C /* SystemConfiguration.framework */; };
		8F7642F81C3BBE5C0094B46C /* MobileCoreServices.framework in Frameworks */ = {isa = PBXBuildFile; fileRef = 8F7642F71C3BBE5C0094B46C /* MobileCoreServices.framework */; };
		8F7643421C3BC9520094B46C /* Launch Screen.storyboard in Resources */ = {isa = PBXBuildFile; fileRef = 8F7643441C3BC9520094B46C /* Launch Screen.storyboard */; };
		8F7643731C3BCBE30094B46C /* AFHTTPRequestOperation.m in Sources */ = {isa = PBXBuildFile; fileRef = 8F76434C1C3BCBE30094B46C /* AFHTTPRequestOperation.m */; };
		8F7643741C3BCBE30094B46C /* AFHTTPRequestOperationManager.m in Sources */ = {isa = PBXBuildFile; fileRef = 8F76434E1C3BCBE30094B46C /* AFHTTPRequestOperationManager.m */; };
		8F7643751C3BCBE30094B46C /* AFHTTPSessionManager.m in Sources */ = {isa = PBXBuildFile; fileRef = 8F7643501C3BCBE30094B46C /* AFHTTPSessionManager.m */; };
		8F7643761C3BCBE30094B46C /* AFNetworkReachabilityManager.m in Sources */ = {isa = PBXBuildFile; fileRef = 8F7643531C3BCBE30094B46C /* AFNetworkReachabilityManager.m */; };
		8F7643771C3BCBE30094B46C /* AFSecurityPolicy.m in Sources */ = {isa = PBXBuildFile; fileRef = 8F7643551C3BCBE30094B46C /* AFSecurityPolicy.m */; };
		8F7643781C3BCBE30094B46C /* AFURLConnectionOperation.m in Sources */ = {isa = PBXBuildFile; fileRef = 8F7643571C3BCBE30094B46C /* AFURLConnectionOperation.m */; };
		8F7643791C3BCBE30094B46C /* AFURLRequestSerialization.m in Sources */ = {isa = PBXBuildFile; fileRef = 8F7643591C3BCBE30094B46C /* AFURLRequestSerialization.m */; };
		8F76437A1C3BCBE30094B46C /* AFURLResponseSerialization.m in Sources */ = {isa = PBXBuildFile; fileRef = 8F76435B1C3BCBE30094B46C /* AFURLResponseSerialization.m */; };
		8F76437B1C3BCBE30094B46C /* AFURLSessionManager.m in Sources */ = {isa = PBXBuildFile; fileRef = 8F76435D1C3BCBE30094B46C /* AFURLSessionManager.m */; };
		8F76437C1C3BCBE30094B46C /* LICENSE in Resources */ = {isa = PBXBuildFile; fileRef = 8F76435E1C3BCBE30094B46C /* LICENSE */; };
		8F76437D1C3BCBE30094B46C /* README.md in Sources */ = {isa = PBXBuildFile; fileRef = 8F76435F1C3BCBE30094B46C /* README.md */; };
		8F76437E1C3BCBE30094B46C /* AFNetworkActivityIndicatorManager.m in Sources */ = {isa = PBXBuildFile; fileRef = 8F7643621C3BCBE30094B46C /* AFNetworkActivityIndicatorManager.m */; };
		8F76437F1C3BCBE30094B46C /* UIActivityIndicatorView+AFNetworking.m in Sources */ = {isa = PBXBuildFile; fileRef = 8F7643641C3BCBE30094B46C /* UIActivityIndicatorView+AFNetworking.m */; };
		8F7643801C3BCBE30094B46C /* UIAlertView+AFNetworking.m in Sources */ = {isa = PBXBuildFile; fileRef = 8F7643661C3BCBE30094B46C /* UIAlertView+AFNetworking.m */; };
		8F7643811C3BCBE30094B46C /* UIButton+AFNetworking.m in Sources */ = {isa = PBXBuildFile; fileRef = 8F7643681C3BCBE30094B46C /* UIButton+AFNetworking.m */; };
		8F7643821C3BCBE30094B46C /* UIImageView+AFNetworking.m in Sources */ = {isa = PBXBuildFile; fileRef = 8F76436B1C3BCBE30094B46C /* UIImageView+AFNetworking.m */; };
		8F7643831C3BCBE30094B46C /* UIProgressView+AFNetworking.m in Sources */ = {isa = PBXBuildFile; fileRef = 8F76436E1C3BCBE30094B46C /* UIProgressView+AFNetworking.m */; };
		8F7643841C3BCBE30094B46C /* UIRefreshControl+AFNetworking.m in Sources */ = {isa = PBXBuildFile; fileRef = 8F7643701C3BCBE30094B46C /* UIRefreshControl+AFNetworking.m */; };
		8F7643851C3BCBE30094B46C /* UIWebView+AFNetworking.m in Sources */ = {isa = PBXBuildFile; fileRef = 8F7643721C3BCBE30094B46C /* UIWebView+AFNetworking.m */; };
		8F7643881C3BCEEE0094B46C /* NetworkHelper.m in Sources */ = {isa = PBXBuildFile; fileRef = 8F7643871C3BCEEE0094B46C /* NetworkHelper.m */; };
		8F9CBEA91C3A220100D6CE93 /* main.m in Sources */ = {isa = PBXBuildFile; fileRef = 8F9CBEA81C3A220100D6CE93 /* main.m */; };
		8F9CBEAC1C3A220100D6CE93 /* AppDelegate.m in Sources */ = {isa = PBXBuildFile; fileRef = 8F9CBEAB1C3A220100D6CE93 /* AppDelegate.m */; };
		8F9CBEAF1C3A220100D6CE93 /* XBBBaseViewController.m in Sources */ = {isa = PBXBuildFile; fileRef = 8F9CBEAE1C3A220100D6CE93 /* XBBBaseViewController.m */; };
		8F9CBEB51C3A220100D6CE93 /* XibaibaiAdministrator.xcdatamodeld in Sources */ = {isa = PBXBuildFile; fileRef = 8F9CBEB31C3A220100D6CE93 /* XibaibaiAdministrator.xcdatamodeld */; };
		8F9CBEB71C3A220100D6CE93 /* Assets.xcassets in Resources */ = {isa = PBXBuildFile; fileRef = 8F9CBEB61C3A220100D6CE93 /* Assets.xcassets */; };
		8F9CBEC51C3A220100D6CE93 /* XibaibaiAdministratorTests.m in Sources */ = {isa = PBXBuildFile; fileRef = 8F9CBEC41C3A220100D6CE93 /* XibaibaiAdministratorTests.m */; };
		8F9CBED01C3A220100D6CE93 /* XibaibaiAdministratorUITests.m in Sources */ = {isa = PBXBuildFile; fileRef = 8F9CBECF1C3A220100D6CE93 /* XibaibaiAdministratorUITests.m */; };
		8FDE43861C3F8B4200B65F7D /* XBBObject+CoreDataProperties.m in Sources */ = {isa = PBXBuildFile; fileRef = 8FDE43831C3F8B4200B65F7D /* XBBObject+CoreDataProperties.m */; };
		8FDE43871C3F8B4200B65F7D /* XBBObject.m in Sources */ = {isa = PBXBuildFile; fileRef = 8FDE43851C3F8B4200B65F7D /* XBBObject.m */; };
		8FDE43B81C3FABEA00B65F7D /* LICENSE in Resources */ = {isa = PBXBuildFile; fileRef = 8FDE43891C3FABEA00B65F7D /* LICENSE */; };
		8FDE43B91C3FABEA00B65F7D /* MJRefreshAutoFooter.m in Sources */ = {isa = PBXBuildFile; fileRef = 8FDE438D1C3FABEA00B65F7D /* MJRefreshAutoFooter.m */; };
		8FDE43BA1C3FABEA00B65F7D /* MJRefreshBackFooter.m in Sources */ = {isa = PBXBuildFile; fileRef = 8FDE438F1C3FABEA00B65F7D /* MJRefreshBackFooter.m */; };
		8FDE43BB1C3FABEA00B65F7D /* MJRefreshComponent.m in Sources */ = {isa = PBXBuildFile; fileRef = 8FDE43911C3FABEA00B65F7D /* MJRefreshComponent.m */; };
		8FDE43BC1C3FABEA00B65F7D /* MJRefreshFooter.m in Sources */ = {isa = PBXBuildFile; fileRef = 8FDE43931C3FABEA00B65F7D /* MJRefreshFooter.m */; };
		8FDE43BD1C3FABEA00B65F7D /* MJRefreshHeader.m in Sources */ = {isa = PBXBuildFile; fileRef = 8FDE43951C3FABEA00B65F7D /* MJRefreshHeader.m */; };
		8FDE43BE1C3FABEA00B65F7D /* MJRefreshAutoGifFooter.m in Sources */ = {isa = PBXBuildFile; fileRef = 8FDE439A1C3FABEA00B65F7D /* MJRefreshAutoGifFooter.m */; };
		8FDE43BF1C3FABEA00B65F7D /* MJRefreshAutoNormalFooter.m in Sources */ = {isa = PBXBuildFile; fileRef = 8FDE439C1C3FABEA00B65F7D /* MJRefreshAutoNormalFooter.m */; };
		8FDE43C01C3FABEA00B65F7D /* MJRefreshAutoStateFooter.m in Sources */ = {isa = PBXBuildFile; fileRef = 8FDE439E1C3FABEA00B65F7D /* MJRefreshAutoStateFooter.m */; };
		8FDE43C11C3FABEA00B65F7D /* MJRefreshBackGifFooter.m in Sources */ = {isa = PBXBuildFile; fileRef = 8FDE43A11C3FABEA00B65F7D /* MJRefreshBackGifFooter.m */; };
		8FDE43C21C3FABEA00B65F7D /* MJRefreshBackNormalFooter.m in Sources */ = {isa = PBXBuildFile; fileRef = 8FDE43A31C3FABEA00B65F7D /* MJRefreshBackNormalFooter.m */; };
		8FDE43C31C3FABEA00B65F7D /* MJRefreshBackStateFooter.m in Sources */ = {isa = PBXBuildFile; fileRef = 8FDE43A51C3FABEA00B65F7D /* MJRefreshBackStateFooter.m */; };
		8FDE43C41C3FABEA00B65F7D /* MJRefreshGifHeader.m in Sources */ = {isa = PBXBuildFile; fileRef = 8FDE43A81C3FABEA00B65F7D /* MJRefreshGifHeader.m */; };
		8FDE43C51C3FABEA00B65F7D /* MJRefreshNormalHeader.m in Sources */ = {isa = PBXBuildFile; fileRef = 8FDE43AA1C3FABEA00B65F7D /* MJRefreshNormalHeader.m */; };
		8FDE43C61C3FABEA00B65F7D /* MJRefreshStateHeader.m in Sources */ = {isa = PBXBuildFile; fileRef = 8FDE43AC1C3FABEA00B65F7D /* MJRefreshStateHeader.m */; };
		8FDE43C71C3FABEA00B65F7D /* MJRefresh.bundle in Resources */ = {isa = PBXBuildFile; fileRef = 8FDE43AD1C3FABEA00B65F7D /* MJRefresh.bundle */; };
		8FDE43C81C3FABEA00B65F7D /* MJRefreshConst.m in Sources */ = {isa = PBXBuildFile; fileRef = 8FDE43B01C3FABEA00B65F7D /* MJRefreshConst.m */; };
		8FDE43C91C3FABEA00B65F7D /* UIScrollView+MJExtension.m in Sources */ = {isa = PBXBuildFile; fileRef = 8FDE43B21C3FABEA00B65F7D /* UIScrollView+MJExtension.m */; };
		8FDE43CA1C3FABEA00B65F7D /* UIScrollView+MJRefresh.m in Sources */ = {isa = PBXBuildFile; fileRef = 8FDE43B41C3FABEA00B65F7D /* UIScrollView+MJRefresh.m */; };
		8FDE43CB1C3FABEA00B65F7D /* UIView+MJExtension.m in Sources */ = {isa = PBXBuildFile; fileRef = 8FDE43B61C3FABEA00B65F7D /* UIView+MJExtension.m */; };
		8FDE43CC1C3FABEA00B65F7D /* README.md in Sources */ = {isa = PBXBuildFile; fileRef = 8FDE43B71C3FABEA00B65F7D /* README.md */; };
		8FEADA151C4608EB004C4B3C /* libBPush.a in Frameworks */ = {isa = PBXBuildFile; fileRef = 8FEADA141C4608EB004C4B3C /* libBPush.a */; };
		8FEADA171C46090C004C4B3C /* Foundation.framework in Frameworks */ = {isa = PBXBuildFile; fileRef = 8FEADA161C46090C004C4B3C /* Foundation.framework */; };
		8FEADA191C46091B004C4B3C /* CoreTelephony.framework in Frameworks */ = {isa = PBXBuildFile; fileRef = 8FEADA181C46091B004C4B3C /* CoreTelephony.framework */; };
		8FEADA1B1C460925004C4B3C /* libz.tbd in Frameworks */ = {isa = PBXBuildFile; fileRef = 8FEADA1A1C460925004C4B3C /* libz.tbd */; };
/* End PBXBuildFile section */

/* Begin PBXContainerItemProxy section */
		8F9CBEC11C3A220100D6CE93 /* PBXContainerItemProxy */ = {
			isa = PBXContainerItemProxy;
			containerPortal = 8F9CBE9C1C3A220100D6CE93 /* Project object */;
			proxyType = 1;
			remoteGlobalIDString = 8F9CBEA31C3A220100D6CE93;
			remoteInfo = XibaibaiAdministrator;
		};
		8F9CBECC1C3A220100D6CE93 /* PBXContainerItemProxy */ = {
			isa = PBXContainerItemProxy;
			containerPortal = 8F9CBE9C1C3A220100D6CE93 /* Project object */;
			proxyType = 1;
			remoteGlobalIDString = 8F9CBEA31C3A220100D6CE93;
			remoteInfo = XibaibaiAdministrator;
		};
/* End PBXContainerItemProxy section */

/* Begin PBXFileReference section */
		8F465BAB1C3CE245000163EC /* LICENSE.txt */ = {isa = PBXFileReference; fileEncoding = 4; lastKnownFileType = text; path = LICENSE.txt; sourceTree = "<group>"; };
		8F465BAC1C3CE245000163EC /* README.md */ = {isa = PBXFileReference; fileEncoding = 4; lastKnownFileType = net.daringfireball.markdown; path = README.md; sourceTree = "<group>"; };
		8F465BAE1C3CE245000163EC /* SVIndefiniteAnimatedView.h */ = {isa = PBXFileReference; fileEncoding = 4; lastKnownFileType = sourcecode.c.h; path = SVIndefiniteAnimatedView.h; sourceTree = "<group>"; };
		8F465BAF1C3CE245000163EC /* SVIndefiniteAnimatedView.m */ = {isa = PBXFileReference; fileEncoding = 4; lastKnownFileType = sourcecode.c.objc; path = SVIndefiniteAnimatedView.m; sourceTree = "<group>"; };
		8F465BB01C3CE245000163EC /* SVProgressHUD.bundle */ = {isa = PBXFileReference; lastKnownFileType = "wrapper.plug-in"; path = SVProgressHUD.bundle; sourceTree = "<group>"; };
		8F465BB11C3CE245000163EC /* SVProgressHUD.h */ = {isa = PBXFileReference; fileEncoding = 4; lastKnownFileType = sourcecode.c.h; path = SVProgressHUD.h; sourceTree = "<group>"; };
		8F465BB21C3CE245000163EC /* SVProgressHUD.m */ = {isa = PBXFileReference; fileEncoding = 4; lastKnownFileType = sourcecode.c.objc; path = SVProgressHUD.m; sourceTree = "<group>"; };
		8F465BBD1C3D1119000163EC /* XBBOrderTableViewCell.h */ = {isa = PBXFileReference; fileEncoding = 4; lastKnownFileType = sourcecode.c.h; name = XBBOrderTableViewCell.h; path = Class/Home/XBBOrderTableViewCell.h; sourceTree = "<group>"; };
		8F465BBE1C3D1119000163EC /* XBBOrderTableViewCell.m */ = {isa = PBXFileReference; fileEncoding = 4; lastKnownFileType = sourcecode.c.objc; name = XBBOrderTableViewCell.m; path = Class/Home/XBBOrderTableViewCell.m; sourceTree = "<group>"; };
		8F465BBF1C3D1119000163EC /* XBBOrderTableViewCell.xib */ = {isa = PBXFileReference; fileEncoding = 4; lastKnownFileType = file.xib; name = XBBOrderTableViewCell.xib; path = Class/Home/XBBOrderTableViewCell.xib; sourceTree = "<group>"; };
		8F465BD91C3E4354000163EC /* XbbPopView.h */ = {isa = PBXFileReference; fileEncoding = 4; lastKnownFileType = sourcecode.c.h; name = XbbPopView.h; path = BaseView/XbbPopView.h; sourceTree = "<group>"; };
		8F465BDA1C3E4354000163EC /* XbbPopView.m */ = {isa = PBXFileReference; fileEncoding = 4; lastKnownFileType = sourcecode.c.objc; name = XbbPopView.m; path = BaseView/XbbPopView.m; sourceTree = "<group>"; };
		8F465BDD1C3E52B1000163EC /* XBBPopViewDelegate.h */ = {isa = PBXFileReference; fileEncoding = 4; lastKnownFileType = sourcecode.c.h; name = XBBPopViewDelegate.h; path = Protocols/XBBPopViewDelegate.h; sourceTree = "<group>"; };
		8F465BDE1C3E6752000163EC /* XBBNotDataView.h */ = {isa = PBXFileReference; fileEncoding = 4; lastKnownFileType = sourcecode.c.h; name = XBBNotDataView.h; path = BaseView/XBBNotDataView.h; sourceTree = "<group>"; };
		8F465BDF1C3E6752000163EC /* XBBNotDataView.m */ = {isa = PBXFileReference; fileEncoding = 4; lastKnownFileType = sourcecode.c.objc; name = XBBNotDataView.m; path = BaseView/XBBNotDataView.m; sourceTree = "<group>"; };
		8F7642B61C3B6D800094B46C /* zh-Hans */ = {isa = PBXFileReference; lastKnownFileType = text.plist.strings; name = "zh-Hans"; path = "zh-Hans.lproj/InfoPlist.strings"; sourceTree = "<group>"; };
		8F7642B81C3B6D820094B46C /* en */ = {isa = PBXFileReference; lastKnownFileType = text.plist.strings; name = en; path = en.lproj/InfoPlist.strings; sourceTree = "<group>"; };
		8F7642BC1C3B71850094B46C /* en */ = {isa = PBXFileReference; lastKnownFileType = text.plist.strings; name = en; path = en.lproj/Localizable.strings; sourceTree = "<group>"; };
		8F7642BE1C3B71870094B46C /* zh-Hans */ = {isa = PBXFileReference; lastKnownFileType = text.plist.strings; name = "zh-Hans"; path = "zh-Hans.lproj/Localizable.strings"; sourceTree = "<group>"; };
		8F7642CD1C3B88A10094B46C /* XBBBaseTableViewController.h */ = {isa = PBXFileReference; fileEncoding = 4; lastKnownFileType = sourcecode.c.h; path = XBBBaseTableViewController.h; sourceTree = "<group>"; };
		8F7642CE1C3B88A10094B46C /* XBBBaseTableViewController.m */ = {isa = PBXFileReference; fileEncoding = 4; lastKnownFileType = sourcecode.c.objc; path = XBBBaseTableViewController.m; sourceTree = "<group>"; };
		8F7642D01C3B88EB0094B46C /* XBBBaseNavigationViewController.h */ = {isa = PBXFileReference; fileEncoding = 4; lastKnownFileType = sourcecode.c.h; path = XBBBaseNavigationViewController.h; sourceTree = "<group>"; };
		8F7642D11C3B88EB0094B46C /* XBBBaseNavigationViewController.m */ = {isa = PBXFileReference; fileEncoding = 4; lastKnownFileType = sourcecode.c.objc; path = XBBBaseNavigationViewController.m; sourceTree = "<group>"; };
		8F7642D41C3B895D0094B46C /* APPUIMacro.h */ = {isa = PBXFileReference; lastKnownFileType = sourcecode.c.h; path = APPUIMacro.h; sourceTree = "<group>"; };
		8F7642D51C3B89860094B46C /* APPServiceMacro.h */ = {isa = PBXFileReference; lastKnownFileType = sourcecode.c.h; path = APPServiceMacro.h; sourceTree = "<group>"; };
		8F7642D61C3B8B9E0094B46C /* APPSystemMacro.h */ = {isa = PBXFileReference; lastKnownFileType = sourcecode.c.h; path = APPSystemMacro.h; sourceTree = "<group>"; };
		8F7642D71C3B8DCB0094B46C /* PrefixHeader.pch */ = {isa = PBXFileReference; lastKnownFileType = sourcecode.c.h; path = PrefixHeader.pch; sourceTree = "<group>"; };
		8F7642DA1C3B91E70094B46C /* XBBHomeViewConctroller.h */ = {isa = PBXFileReference; fileEncoding = 4; lastKnownFileType = sourcecode.c.h; name = XBBHomeViewConctroller.h; path = Class/Home/XBBHomeViewConctroller.h; sourceTree = "<group>"; };
		8F7642DB1C3B91E70094B46C /* XBBHomeViewConctroller.m */ = {isa = PBXFileReference; fileEncoding = 4; lastKnownFileType = sourcecode.c.objc; name = XBBHomeViewConctroller.m; path = Class/Home/XBBHomeViewConctroller.m; sourceTree = "<group>"; };
		8F7642DF1C3B96830094B46C /* Reachability.h */ = {isa = PBXFileReference; fileEncoding = 4; lastKnownFileType = sourcecode.c.h; path = Reachability.h; sourceTree = "<group>"; };
		8F7642E01C3B96830094B46C /* Reachability.m */ = {isa = PBXFileReference; fileEncoding = 4; lastKnownFileType = sourcecode.c.objc; path = Reachability.m; sourceTree = "<group>"; };
		8F7642E31C3B9B820094B46C /* XBBLoginViewController.h */ = {isa = PBXFileReference; fileEncoding = 4; lastKnownFileType = sourcecode.c.h; name = XBBLoginViewController.h; path = Class/Login/XBBLoginViewController.h; sourceTree = "<group>"; };
		8F7642E41C3B9B820094B46C /* XBBLoginViewController.m */ = {isa = PBXFileReference; fileEncoding = 4; lastKnownFileType = sourcecode.c.objc; name = XBBLoginViewController.m; path = Class/Login/XBBLoginViewController.m; sourceTree = "<group>"; };
		8F7642E71C3B9CCC0094B46C /* APPNotifactionMacro.h */ = {isa = PBXFileReference; lastKnownFileType = sourcecode.c.h; path = APPNotifactionMacro.h; sourceTree = "<group>"; };
		8F7642F51C3BBE4F0094B46C /* SystemConfiguration.framework */ = {isa = PBXFileReference; lastKnownFileType = wrapper.framework; name = SystemConfiguration.framework; path = System/Library/Frameworks/SystemConfiguration.framework; sourceTree = SDKROOT; };
		8F7642F71C3BBE5C0094B46C /* MobileCoreServices.framework */ = {isa = PBXFileReference; lastKnownFileType = wrapper.framework; name = MobileCoreServices.framework; path = System/Library/Frameworks/MobileCoreServices.framework; sourceTree = SDKROOT; };
		8F7643431C3BC9520094B46C /* en */ = {isa = PBXFileReference; lastKnownFileType = file.storyboard; name = en; path = "en.lproj/Launch Screen.storyboard"; sourceTree = "<group>"; };
		8F76434B1C3BCBE30094B46C /* AFHTTPRequestOperation.h */ = {isa = PBXFileReference; fileEncoding = 4; lastKnownFileType = sourcecode.c.h; path = AFHTTPRequestOperation.h; sourceTree = "<group>"; };
		8F76434C1C3BCBE30094B46C /* AFHTTPRequestOperation.m */ = {isa = PBXFileReference; fileEncoding = 4; lastKnownFileType = sourcecode.c.objc; path = AFHTTPRequestOperation.m; sourceTree = "<group>"; };
		8F76434D1C3BCBE30094B46C /* AFHTTPRequestOperationManager.h */ = {isa = PBXFileReference; fileEncoding = 4; lastKnownFileType = sourcecode.c.h; path = AFHTTPRequestOperationManager.h; sourceTree = "<group>"; };
		8F76434E1C3BCBE30094B46C /* AFHTTPRequestOperationManager.m */ = {isa = PBXFileReference; fileEncoding = 4; lastKnownFileType = sourcecode.c.objc; path = AFHTTPRequestOperationManager.m; sourceTree = "<group>"; };
		8F76434F1C3BCBE30094B46C /* AFHTTPSessionManager.h */ = {isa = PBXFileReference; fileEncoding = 4; lastKnownFileType = sourcecode.c.h; path = AFHTTPSessionManager.h; sourceTree = "<group>"; };
		8F7643501C3BCBE30094B46C /* AFHTTPSessionManager.m */ = {isa = PBXFileReference; fileEncoding = 4; lastKnownFileType = sourcecode.c.objc; path = AFHTTPSessionManager.m; sourceTree = "<group>"; };
		8F7643511C3BCBE30094B46C /* AFNetworking.h */ = {isa = PBXFileReference; fileEncoding = 4; lastKnownFileType = sourcecode.c.h; path = AFNetworking.h; sourceTree = "<group>"; };
		8F7643521C3BCBE30094B46C /* AFNetworkReachabilityManager.h */ = {isa = PBXFileReference; fileEncoding = 4; lastKnownFileType = sourcecode.c.h; path = AFNetworkReachabilityManager.h; sourceTree = "<group>"; };
		8F7643531C3BCBE30094B46C /* AFNetworkReachabilityManager.m */ = {isa = PBXFileReference; fileEncoding = 4; lastKnownFileType = sourcecode.c.objc; path = AFNetworkReachabilityManager.m; sourceTree = "<group>"; };
		8F7643541C3BCBE30094B46C /* AFSecurityPolicy.h */ = {isa = PBXFileReference; fileEncoding = 4; lastKnownFileType = sourcecode.c.h; path = AFSecurityPolicy.h; sourceTree = "<group>"; };
		8F7643551C3BCBE30094B46C /* AFSecurityPolicy.m */ = {isa = PBXFileReference; fileEncoding = 4; lastKnownFileType = sourcecode.c.objc; path = AFSecurityPolicy.m; sourceTree = "<group>"; };
		8F7643561C3BCBE30094B46C /* AFURLConnectionOperation.h */ = {isa = PBXFileReference; fileEncoding = 4; lastKnownFileType = sourcecode.c.h; path = AFURLConnectionOperation.h; sourceTree = "<group>"; };
		8F7643571C3BCBE30094B46C /* AFURLConnectionOperation.m */ = {isa = PBXFileReference; fileEncoding = 4; lastKnownFileType = sourcecode.c.objc; path = AFURLConnectionOperation.m; sourceTree = "<group>"; };
		8F7643581C3BCBE30094B46C /* AFURLRequestSerialization.h */ = {isa = PBXFileReference; fileEncoding = 4; lastKnownFileType = sourcecode.c.h; path = AFURLRequestSerialization.h; sourceTree = "<group>"; };
		8F7643591C3BCBE30094B46C /* AFURLRequestSerialization.m */ = {isa = PBXFileReference; fileEncoding = 4; lastKnownFileType = sourcecode.c.objc; path = AFURLRequestSerialization.m; sourceTree = "<group>"; };
		8F76435A1C3BCBE30094B46C /* AFURLResponseSerialization.h */ = {isa = PBXFileReference; fileEncoding = 4; lastKnownFileType = sourcecode.c.h; path = AFURLResponseSerialization.h; sourceTree = "<group>"; };
		8F76435B1C3BCBE30094B46C /* AFURLResponseSerialization.m */ = {isa = PBXFileReference; fileEncoding = 4; lastKnownFileType = sourcecode.c.objc; path = AFURLResponseSerialization.m; sourceTree = "<group>"; };
		8F76435C1C3BCBE30094B46C /* AFURLSessionManager.h */ = {isa = PBXFileReference; fileEncoding = 4; lastKnownFileType = sourcecode.c.h; path = AFURLSessionManager.h; sourceTree = "<group>"; };
		8F76435D1C3BCBE30094B46C /* AFURLSessionManager.m */ = {isa = PBXFileReference; fileEncoding = 4; lastKnownFileType = sourcecode.c.objc; path = AFURLSessionManager.m; sourceTree = "<group>"; };
		8F76435E1C3BCBE30094B46C /* LICENSE */ = {isa = PBXFileReference; fileEncoding = 4; lastKnownFileType = text; path = LICENSE; sourceTree = "<group>"; };
		8F76435F1C3BCBE30094B46C /* README.md */ = {isa = PBXFileReference; fileEncoding = 4; lastKnownFileType = net.daringfireball.markdown; path = README.md; sourceTree = "<group>"; };
		8F7643611C3BCBE30094B46C /* AFNetworkActivityIndicatorManager.h */ = {isa = PBXFileReference; fileEncoding = 4; lastKnownFileType = sourcecode.c.h; path = AFNetworkActivityIndicatorManager.h; sourceTree = "<group>"; };
		8F7643621C3BCBE30094B46C /* AFNetworkActivityIndicatorManager.m */ = {isa = PBXFileReference; fileEncoding = 4; lastKnownFileType = sourcecode.c.objc; path = AFNetworkActivityIndicatorManager.m; sourceTree = "<group>"; };
		8F7643631C3BCBE30094B46C /* UIActivityIndicatorView+AFNetworking.h */ = {isa = PBXFileReference; fileEncoding = 4; lastKnownFileType = sourcecode.c.h; path = "UIActivityIndicatorView+AFNetworking.h"; sourceTree = "<group>"; };
		8F7643641C3BCBE30094B46C /* UIActivityIndicatorView+AFNetworking.m */ = {isa = PBXFileReference; fileEncoding = 4; lastKnownFileType = sourcecode.c.objc; path = "UIActivityIndicatorView+AFNetworking.m"; sourceTree = "<group>"; };
		8F7643651C3BCBE30094B46C /* UIAlertView+AFNetworking.h */ = {isa = PBXFileReference; fileEncoding = 4; lastKnownFileType = sourcecode.c.h; path = "UIAlertView+AFNetworking.h"; sourceTree = "<group>"; };
		8F7643661C3BCBE30094B46C /* UIAlertView+AFNetworking.m */ = {isa = PBXFileReference; fileEncoding = 4; lastKnownFileType = sourcecode.c.objc; path = "UIAlertView+AFNetworking.m"; sourceTree = "<group>"; };
		8F7643671C3BCBE30094B46C /* UIButton+AFNetworking.h */ = {isa = PBXFileReference; fileEncoding = 4; lastKnownFileType = sourcecode.c.h; path = "UIButton+AFNetworking.h"; sourceTree = "<group>"; };
		8F7643681C3BCBE30094B46C /* UIButton+AFNetworking.m */ = {isa = PBXFileReference; fileEncoding = 4; lastKnownFileType = sourcecode.c.objc; path = "UIButton+AFNetworking.m"; sourceTree = "<group>"; };
		8F7643691C3BCBE30094B46C /* UIImage+AFNetworking.h */ = {isa = PBXFileReference; fileEncoding = 4; lastKnownFileType = sourcecode.c.h; path = "UIImage+AFNetworking.h"; sourceTree = "<group>"; };
		8F76436A1C3BCBE30094B46C /* UIImageView+AFNetworking.h */ = {isa = PBXFileReference; fileEncoding = 4; lastKnownFileType = sourcecode.c.h; path = "UIImageView+AFNetworking.h"; sourceTree = "<group>"; };
		8F76436B1C3BCBE30094B46C /* UIImageView+AFNetworking.m */ = {isa = PBXFileReference; fileEncoding = 4; lastKnownFileType = sourcecode.c.objc; path = "UIImageView+AFNetworking.m"; sourceTree = "<group>"; };
		8F76436C1C3BCBE30094B46C /* UIKit+AFNetworking.h */ = {isa = PBXFileReference; fileEncoding = 4; lastKnownFileType = sourcecode.c.h; path = "UIKit+AFNetworking.h"; sourceTree = "<group>"; };
		8F76436D1C3BCBE30094B46C /* UIProgressView+AFNetworking.h */ = {isa = PBXFileReference; fileEncoding = 4; lastKnownFileType = sourcecode.c.h; path = "UIProgressView+AFNetworking.h"; sourceTree = "<group>"; };
		8F76436E1C3BCBE30094B46C /* UIProgressView+AFNetworking.m */ = {isa = PBXFileReference; fileEncoding = 4; lastKnownFileType = sourcecode.c.objc; path = "UIProgressView+AFNetworking.m"; sourceTree = "<group>"; };
		8F76436F1C3BCBE30094B46C /* UIRefreshControl+AFNetworking.h */ = {isa = PBXFileReference; fileEncoding = 4; lastKnownFileType = sourcecode.c.h; path = "UIRefreshControl+AFNetworking.h"; sourceTree = "<group>"; };
		8F7643701C3BCBE30094B46C /* UIRefreshControl+AFNetworking.m */ = {isa = PBXFileReference; fileEncoding = 4; lastKnownFileType = sourcecode.c.objc; path = "UIRefreshControl+AFNetworking.m"; sourceTree = "<group>"; };
		8F7643711C3BCBE30094B46C /* UIWebView+AFNetworking.h */ = {isa = PBXFileReference; fileEncoding = 4; lastKnownFileType = sourcecode.c.h; path = "UIWebView+AFNetworking.h"; sourceTree = "<group>"; };
		8F7643721C3BCBE30094B46C /* UIWebView+AFNetworking.m */ = {isa = PBXFileReference; fileEncoding = 4; lastKnownFileType = sourcecode.c.objc; path = "UIWebView+AFNetworking.m"; sourceTree = "<group>"; };
		8F7643861C3BCEEE0094B46C /* NetworkHelper.h */ = {isa = PBXFileReference; fileEncoding = 4; lastKnownFileType = sourcecode.c.h; path = NetworkHelper.h; sourceTree = "<group>"; };
		8F7643871C3BCEEE0094B46C /* NetworkHelper.m */ = {isa = PBXFileReference; fileEncoding = 4; lastKnownFileType = sourcecode.c.objc; path = NetworkHelper.m; sourceTree = "<group>"; };
		8F9CBEA41C3A220100D6CE93 /* XibaibaiAdministrator.app */ = {isa = PBXFileReference; explicitFileType = wrapper.application; includeInIndex = 0; path = XibaibaiAdministrator.app; sourceTree = BUILT_PRODUCTS_DIR; };
		8F9CBEA81C3A220100D6CE93 /* main.m */ = {isa = PBXFileReference; lastKnownFileType = sourcecode.c.objc; path = main.m; sourceTree = "<group>"; };
		8F9CBEAA1C3A220100D6CE93 /* AppDelegate.h */ = {isa = PBXFileReference; lastKnownFileType = sourcecode.c.h; path = AppDelegate.h; sourceTree = "<group>"; };
		8F9CBEAB1C3A220100D6CE93 /* AppDelegate.m */ = {isa = PBXFileReference; lastKnownFileType = sourcecode.c.objc; path = AppDelegate.m; sourceTree = "<group>"; };
		8F9CBEAD1C3A220100D6CE93 /* XBBBaseViewController.h */ = {isa = PBXFileReference; lastKnownFileType = sourcecode.c.h; path = XBBBaseViewController.h; sourceTree = "<group>"; };
		8F9CBEAE1C3A220100D6CE93 /* XBBBaseViewController.m */ = {isa = PBXFileReference; lastKnownFileType = sourcecode.c.objc; path = XBBBaseViewController.m; sourceTree = "<group>"; };
		8F9CBEB41C3A220100D6CE93 /* XibaibaiAdministrator.xcdatamodel */ = {isa = PBXFileReference; lastKnownFileType = wrapper.xcdatamodel; path = XibaibaiAdministrator.xcdatamodel; sourceTree = "<group>"; };
		8F9CBEB61C3A220100D6CE93 /* Assets.xcassets */ = {isa = PBXFileReference; lastKnownFileType = folder.assetcatalog; path = Assets.xcassets; sourceTree = "<group>"; };
		8F9CBEBB1C3A220100D6CE93 /* Info.plist */ = {isa = PBXFileReference; lastKnownFileType = text.plist.xml; path = Info.plist; sourceTree = "<group>"; };
		8F9CBEC01C3A220100D6CE93 /* XibaibaiAdministratorTests.xctest */ = {isa = PBXFileReference; explicitFileType = wrapper.cfbundle; includeInIndex = 0; path = XibaibaiAdministratorTests.xctest; sourceTree = BUILT_PRODUCTS_DIR; };
		8F9CBEC41C3A220100D6CE93 /* XibaibaiAdministratorTests.m */ = {isa = PBXFileReference; lastKnownFileType = sourcecode.c.objc; path = XibaibaiAdministratorTests.m; sourceTree = "<group>"; };
		8F9CBEC61C3A220100D6CE93 /* Info.plist */ = {isa = PBXFileReference; lastKnownFileType = text.plist.xml; path = Info.plist; sourceTree = "<group>"; };
		8F9CBECB1C3A220100D6CE93 /* XibaibaiAdministratorUITests.xctest */ = {isa = PBXFileReference; explicitFileType = wrapper.cfbundle; includeInIndex = 0; path = XibaibaiAdministratorUITests.xctest; sourceTree = BUILT_PRODUCTS_DIR; };
		8F9CBECF1C3A220100D6CE93 /* XibaibaiAdministratorUITests.m */ = {isa = PBXFileReference; lastKnownFileType = sourcecode.c.objc; path = XibaibaiAdministratorUITests.m; sourceTree = "<group>"; };
		8F9CBED11C3A220100D6CE93 /* Info.plist */ = {isa = PBXFileReference; lastKnownFileType = text.plist.xml; path = Info.plist; sourceTree = "<group>"; };
		8FDE43821C3F8B4200B65F7D /* XBBObject+CoreDataProperties.h */ = {isa = PBXFileReference; fileEncoding = 4; lastKnownFileType = sourcecode.c.h; name = "XBBObject+CoreDataProperties.h"; path = "Class/Home/OrderObject/XBBObject+CoreDataProperties.h"; sourceTree = "<group>"; };
		8FDE43831C3F8B4200B65F7D /* XBBObject+CoreDataProperties.m */ = {isa = PBXFileReference; fileEncoding = 4; lastKnownFileType = sourcecode.c.objc; name = "XBBObject+CoreDataProperties.m"; path = "Class/Home/OrderObject/XBBObject+CoreDataProperties.m"; sourceTree = "<group>"; };
		8FDE43841C3F8B4200B65F7D /* XBBObject.h */ = {isa = PBXFileReference; fileEncoding = 4; lastKnownFileType = sourcecode.c.h; name = XBBObject.h; path = Class/Home/OrderObject/XBBObject.h; sourceTree = "<group>"; };
		8FDE43851C3F8B4200B65F7D /* XBBObject.m */ = {isa = PBXFileReference; fileEncoding = 4; lastKnownFileType = sourcecode.c.objc; name = XBBObject.m; path = Class/Home/OrderObject/XBBObject.m; sourceTree = "<group>"; };
		8FDE43891C3FABEA00B65F7D /* LICENSE */ = {isa = PBXFileReference; fileEncoding = 4; lastKnownFileType = text; path = LICENSE; sourceTree = "<group>"; };
		8FDE438C1C3FABEA00B65F7D /* MJRefreshAutoFooter.h */ = {isa = PBXFileReference; fileEncoding = 4; lastKnownFileType = sourcecode.c.h; path = MJRefreshAutoFooter.h; sourceTree = "<group>"; };
		8FDE438D1C3FABEA00B65F7D /* MJRefreshAutoFooter.m */ = {isa = PBXFileReference; fileEncoding = 4; lastKnownFileType = sourcecode.c.objc; path = MJRefreshAutoFooter.m; sourceTree = "<group>"; };
		8FDE438E1C3FABEA00B65F7D /* MJRefreshBackFooter.h */ = {isa = PBXFileReference; fileEncoding = 4; lastKnownFileType = sourcecode.c.h; path = MJRefreshBackFooter.h; sourceTree = "<group>"; };
		8FDE438F1C3FABEA00B65F7D /* MJRefreshBackFooter.m */ = {isa = PBXFileReference; fileEncoding = 4; lastKnownFileType = sourcecode.c.objc; path = MJRefreshBackFooter.m; sourceTree = "<group>"; };
		8FDE43901C3FABEA00B65F7D /* MJRefreshComponent.h */ = {isa = PBXFileReference; fileEncoding = 4; lastKnownFileType = sourcecode.c.h; path = MJRefreshComponent.h; sourceTree = "<group>"; };
		8FDE43911C3FABEA00B65F7D /* MJRefreshComponent.m */ = {isa = PBXFileReference; fileEncoding = 4; lastKnownFileType = sourcecode.c.objc; path = MJRefreshComponent.m; sourceTree = "<group>"; };
		8FDE43921C3FABEA00B65F7D /* MJRefreshFooter.h */ = {isa = PBXFileReference; fileEncoding = 4; lastKnownFileType = sourcecode.c.h; path = MJRefreshFooter.h; sourceTree = "<group>"; };
		8FDE43931C3FABEA00B65F7D /* MJRefreshFooter.m */ = {isa = PBXFileReference; fileEncoding = 4; lastKnownFileType = sourcecode.c.objc; path = MJRefreshFooter.m; sourceTree = "<group>"; };
		8FDE43941C3FABEA00B65F7D /* MJRefreshHeader.h */ = {isa = PBXFileReference; fileEncoding = 4; lastKnownFileType = sourcecode.c.h; path = MJRefreshHeader.h; sourceTree = "<group>"; };
		8FDE43951C3FABEA00B65F7D /* MJRefreshHeader.m */ = {isa = PBXFileReference; fileEncoding = 4; lastKnownFileType = sourcecode.c.objc; path = MJRefreshHeader.m; sourceTree = "<group>"; };
		8FDE43991C3FABEA00B65F7D /* MJRefreshAutoGifFooter.h */ = {isa = PBXFileReference; fileEncoding = 4; lastKnownFileType = sourcecode.c.h; path = MJRefreshAutoGifFooter.h; sourceTree = "<group>"; };
		8FDE439A1C3FABEA00B65F7D /* MJRefreshAutoGifFooter.m */ = {isa = PBXFileReference; fileEncoding = 4; lastKnownFileType = sourcecode.c.objc; path = MJRefreshAutoGifFooter.m; sourceTree = "<group>"; };
		8FDE439B1C3FABEA00B65F7D /* MJRefreshAutoNormalFooter.h */ = {isa = PBXFileReference; fileEncoding = 4; lastKnownFileType = sourcecode.c.h; path = MJRefreshAutoNormalFooter.h; sourceTree = "<group>"; };
		8FDE439C1C3FABEA00B65F7D /* MJRefreshAutoNormalFooter.m */ = {isa = PBXFileReference; fileEncoding = 4; lastKnownFileType = sourcecode.c.objc; path = MJRefreshAutoNormalFooter.m; sourceTree = "<group>"; };
		8FDE439D1C3FABEA00B65F7D /* MJRefreshAutoStateFooter.h */ = {isa = PBXFileReference; fileEncoding = 4; lastKnownFileType = sourcecode.c.h; path = MJRefreshAutoStateFooter.h; sourceTree = "<group>"; };
		8FDE439E1C3FABEA00B65F7D /* MJRefreshAutoStateFooter.m */ = {isa = PBXFileReference; fileEncoding = 4; lastKnownFileType = sourcecode.c.objc; path = MJRefreshAutoStateFooter.m; sourceTree = "<group>"; };
		8FDE43A01C3FABEA00B65F7D /* MJRefreshBackGifFooter.h */ = {isa = PBXFileReference; fileEncoding = 4; lastKnownFileType = sourcecode.c.h; path = MJRefreshBackGifFooter.h; sourceTree = "<group>"; };
		8FDE43A11C3FABEA00B65F7D /* MJRefreshBackGifFooter.m */ = {isa = PBXFileReference; fileEncoding = 4; lastKnownFileType = sourcecode.c.objc; path = MJRefreshBackGifFooter.m; sourceTree = "<group>"; };
		8FDE43A21C3FABEA00B65F7D /* MJRefreshBackNormalFooter.h */ = {isa = PBXFileReference; fileEncoding = 4; lastKnownFileType = sourcecode.c.h; path = MJRefreshBackNormalFooter.h; sourceTree = "<group>"; };
		8FDE43A31C3FABEA00B65F7D /* MJRefreshBackNormalFooter.m */ = {isa = PBXFileReference; fileEncoding = 4; lastKnownFileType = sourcecode.c.objc; path = MJRefreshBackNormalFooter.m; sourceTree = "<group>"; };
		8FDE43A41C3FABEA00B65F7D /* MJRefreshBackStateFooter.h */ = {isa = PBXFileReference; fileEncoding = 4; lastKnownFileType = sourcecode.c.h; path = MJRefreshBackStateFooter.h; sourceTree = "<group>"; };
		8FDE43A51C3FABEA00B65F7D /* MJRefreshBackStateFooter.m */ = {isa = PBXFileReference; fileEncoding = 4; lastKnownFileType = sourcecode.c.objc; path = MJRefreshBackStateFooter.m; sourceTree = "<group>"; };
		8FDE43A71C3FABEA00B65F7D /* MJRefreshGifHeader.h */ = {isa = PBXFileReference; fileEncoding = 4; lastKnownFileType = sourcecode.c.h; path = MJRefreshGifHeader.h; sourceTree = "<group>"; };
		8FDE43A81C3FABEA00B65F7D /* MJRefreshGifHeader.m */ = {isa = PBXFileReference; fileEncoding = 4; lastKnownFileType = sourcecode.c.objc; path = MJRefreshGifHeader.m; sourceTree = "<group>"; };
		8FDE43A91C3FABEA00B65F7D /* MJRefreshNormalHeader.h */ = {isa = PBXFileReference; fileEncoding = 4; lastKnownFileType = sourcecode.c.h; path = MJRefreshNormalHeader.h; sourceTree = "<group>"; };
		8FDE43AA1C3FABEA00B65F7D /* MJRefreshNormalHeader.m */ = {isa = PBXFileReference; fileEncoding = 4; lastKnownFileType = sourcecode.c.objc; path = MJRefreshNormalHeader.m; sourceTree = "<group>"; };
		8FDE43AB1C3FABEA00B65F7D /* MJRefreshStateHeader.h */ = {isa = PBXFileReference; fileEncoding = 4; lastKnownFileType = sourcecode.c.h; path = MJRefreshStateHeader.h; sourceTree = "<group>"; };
		8FDE43AC1C3FABEA00B65F7D /* MJRefreshStateHeader.m */ = {isa = PBXFileReference; fileEncoding = 4; lastKnownFileType = sourcecode.c.objc; path = MJRefreshStateHeader.m; sourceTree = "<group>"; };
		8FDE43AD1C3FABEA00B65F7D /* MJRefresh.bundle */ = {isa = PBXFileReference; lastKnownFileType = "wrapper.plug-in"; path = MJRefresh.bundle; sourceTree = "<group>"; };
		8FDE43AE1C3FABEA00B65F7D /* MJRefresh.h */ = {isa = PBXFileReference; fileEncoding = 4; lastKnownFileType = sourcecode.c.h; path = MJRefresh.h; sourceTree = "<group>"; };
		8FDE43AF1C3FABEA00B65F7D /* MJRefreshConst.h */ = {isa = PBXFileReference; fileEncoding = 4; lastKnownFileType = sourcecode.c.h; path = MJRefreshConst.h; sourceTree = "<group>"; };
		8FDE43B01C3FABEA00B65F7D /* MJRefreshConst.m */ = {isa = PBXFileReference; fileEncoding = 4; lastKnownFileType = sourcecode.c.objc; path = MJRefreshConst.m; sourceTree = "<group>"; };
		8FDE43B11C3FABEA00B65F7D /* UIScrollView+MJExtension.h */ = {isa = PBXFileReference; fileEncoding = 4; lastKnownFileType = sourcecode.c.h; path = "UIScrollView+MJExtension.h"; sourceTree = "<group>"; };
		8FDE43B21C3FABEA00B65F7D /* UIScrollView+MJExtension.m */ = {isa = PBXFileReference; fileEncoding = 4; lastKnownFileType = sourcecode.c.objc; path = "UIScrollView+MJExtension.m"; sourceTree = "<group>"; };
		8FDE43B31C3FABEA00B65F7D /* UIScrollView+MJRefresh.h */ = {isa = PBXFileReference; fileEncoding = 4; lastKnownFileType = sourcecode.c.h; path = "UIScrollView+MJRefresh.h"; sourceTree = "<group>"; };
		8FDE43B41C3FABEA00B65F7D /* UIScrollView+MJRefresh.m */ = {isa = PBXFileReference; fileEncoding = 4; lastKnownFileType = sourcecode.c.objc; path = "UIScrollView+MJRefresh.m"; sourceTree = "<group>"; };
		8FDE43B51C3FABEA00B65F7D /* UIView+MJExtension.h */ = {isa = PBXFileReference; fileEncoding = 4; lastKnownFileType = sourcecode.c.h; path = "UIView+MJExtension.h"; sourceTree = "<group>"; };
		8FDE43B61C3FABEA00B65F7D /* UIView+MJExtension.m */ = {isa = PBXFileReference; fileEncoding = 4; lastKnownFileType = sourcecode.c.objc; path = "UIView+MJExtension.m"; sourceTree = "<group>"; };
		8FDE43B71C3FABEA00B65F7D /* README.md */ = {isa = PBXFileReference; fileEncoding = 4; lastKnownFileType = net.daringfireball.markdown; path = README.md; sourceTree = "<group>"; };
		8FEADA131C4608EB004C4B3C /* BPush.h */ = {isa = PBXFileReference; fileEncoding = 4; lastKnownFileType = sourcecode.c.h; path = BPush.h; sourceTree = "<group>"; };
		8FEADA141C4608EB004C4B3C /* libBPush.a */ = {isa = PBXFileReference; lastKnownFileType = archive.ar; path = libBPush.a; sourceTree = "<group>"; };
		8FEADA161C46090C004C4B3C /* Foundation.framework */ = {isa = PBXFileReference; lastKnownFileType = wrapper.framework; name = Foundation.framework; path = System/Library/Frameworks/Foundation.framework; sourceTree = SDKROOT; };
		8FEADA181C46091B004C4B3C /* CoreTelephony.framework */ = {isa = PBXFileReference; lastKnownFileType = wrapper.framework; name = CoreTelephony.framework; path = System/Library/Frameworks/CoreTelephony.framework; sourceTree = SDKROOT; };
		8FEADA1A1C460925004C4B3C /* libz.tbd */ = {isa = PBXFileReference; lastKnownFileType = "sourcecode.text-based-dylib-definition"; name = libz.tbd; path = usr/lib/libz.tbd; sourceTree = SDKROOT; };
/* End PBXFileReference section */

/* Begin PBXFrameworksBuildPhase section */
		8F9CBEA11C3A220100D6CE93 /* Frameworks */ = {
			isa = PBXFrameworksBuildPhase;
			buildActionMask = 2147483647;
			files = (
				8FEADA1B1C460925004C4B3C /* libz.tbd in Frameworks */,
				8FEADA191C46091B004C4B3C /* CoreTelephony.framework in Frameworks */,
				8FEADA171C46090C004C4B3C /* Foundation.framework in Frameworks */,
				8F7642F81C3BBE5C0094B46C /* MobileCoreServices.framework in Frameworks */,
				8FEADA151C4608EB004C4B3C /* libBPush.a in Frameworks */,
				8F7642F61C3BBE4F0094B46C /* SystemConfiguration.framework in Frameworks */,
			);
			runOnlyForDeploymentPostprocessing = 0;
		};
		8F9CBEBD1C3A220100D6CE93 /* Frameworks */ = {
			isa = PBXFrameworksBuildPhase;
			buildActionMask = 2147483647;
			files = (
			);
			runOnlyForDeploymentPostprocessing = 0;
		};
		8F9CBEC81C3A220100D6CE93 /* Frameworks */ = {
			isa = PBXFrameworksBuildPhase;
			buildActionMask = 2147483647;
			files = (
			);
			runOnlyForDeploymentPostprocessing = 0;
		};
/* End PBXFrameworksBuildPhase section */

/* Begin PBXGroup section */
		8F465BAA1C3CE245000163EC /* SVProgressHUD */ = {
			isa = PBXGroup;
			children = (
				8F465BAB1C3CE245000163EC /* LICENSE.txt */,
				8F465BAC1C3CE245000163EC /* README.md */,
				8F465BAD1C3CE245000163EC /* SVProgressHUD */,
			);
			name = SVProgressHUD;
			path = Verson/SVProgressHUD;
			sourceTree = "<group>";
		};
		8F465BAD1C3CE245000163EC /* SVProgressHUD */ = {
			isa = PBXGroup;
			children = (
				8F465BAE1C3CE245000163EC /* SVIndefiniteAnimatedView.h */,
				8F465BAF1C3CE245000163EC /* SVIndefiniteAnimatedView.m */,
				8F465BB01C3CE245000163EC /* SVProgressHUD.bundle */,
				8F465BB11C3CE245000163EC /* SVProgressHUD.h */,
				8F465BB21C3CE245000163EC /* SVProgressHUD.m */,
			);
			path = SVProgressHUD;
			sourceTree = "<group>";
		};
		8F465BDC1C3E522D000163EC /* Protocols */ = {
			isa = PBXGroup;
			children = (
				8F465BDD1C3E52B1000163EC /* XBBPopViewDelegate.h */,
			);
			name = Protocols;
			sourceTree = "<group>";
		};
		8F7642A71C3B63CB0094B46C /* localFile */ = {
			isa = PBXGroup;
			children = (
				8F7642B71C3B6D800094B46C /* InfoPlist.strings */,
				8F7642BD1C3B71850094B46C /* Localizable.strings */,
			);
			name = localFile;
			path = XibaibaiAdministrator;
			sourceTree = "<group>";
		};
		8F7642CC1C3B88300094B46C /* BasePackage */ = {
			isa = PBXGroup;
			children = (
				8F465BDE1C3E6752000163EC /* XBBNotDataView.h */,
				8F465BDF1C3E6752000163EC /* XBBNotDataView.m */,
				8F9CBEAD1C3A220100D6CE93 /* XBBBaseViewController.h */,
				8F9CBEAE1C3A220100D6CE93 /* XBBBaseViewController.m */,
				8F7642CD1C3B88A10094B46C /* XBBBaseTableViewController.h */,
				8F7642CE1C3B88A10094B46C /* XBBBaseTableViewController.m */,
				8F7642D01C3B88EB0094B46C /* XBBBaseNavigationViewController.h */,
				8F7642D11C3B88EB0094B46C /* XBBBaseNavigationViewController.m */,
				8F465BD91C3E4354000163EC /* XbbPopView.h */,
				8F465BDA1C3E4354000163EC /* XbbPopView.m */,
			);
			name = BasePackage;
			sourceTree = "<group>";
		};
		8F7642D31C3B89220094B46C /* Macro */ = {
			isa = PBXGroup;
			children = (
				8F7642D41C3B895D0094B46C /* APPUIMacro.h */,
				8F7642D51C3B89860094B46C /* APPServiceMacro.h */,
				8F7642D61C3B8B9E0094B46C /* APPSystemMacro.h */,
				8F7642E71C3B9CCC0094B46C /* APPNotifactionMacro.h */,
			);
			name = Macro;
			sourceTree = "<group>";
		};
		8F7642D81C3B915E0094B46C /* Class */ = {
			isa = PBXGroup;
			children = (
				8F7642E21C3B9B460094B46C /* Login */,
				8F7642D91C3B91AD0094B46C /* Home */,
			);
			name = Class;
			sourceTree = "<group>";
		};
		8F7642D91C3B91AD0094B46C /* Home */ = {
			isa = PBXGroup;
			children = (
				8FDE43821C3F8B4200B65F7D /* XBBObject+CoreDataProperties.h */,
				8FDE43831C3F8B4200B65F7D /* XBBObject+CoreDataProperties.m */,
				8FDE43841C3F8B4200B65F7D /* XBBObject.h */,
				8FDE43851C3F8B4200B65F7D /* XBBObject.m */,
				8F7642DA1C3B91E70094B46C /* XBBHomeViewConctroller.h */,
				8F7642DB1C3B91E70094B46C /* XBBHomeViewConctroller.m */,
				8F465BBD1C3D1119000163EC /* XBBOrderTableViewCell.h */,
				8F465BBE1C3D1119000163EC /* XBBOrderTableViewCell.m */,
				8F465BBF1C3D1119000163EC /* XBBOrderTableViewCell.xib */,
			);
			name = Home;
			sourceTree = "<group>";
		};
		8F7642DD1C3B95F40094B46C /* Verson */ = {
			isa = PBXGroup;
			children = (
				8FEADA121C4608EB004C4B3C /* LibBPush */,
				8FDE43881C3FABEA00B65F7D /* MJRefresh */,
				8F465BAA1C3CE245000163EC /* SVProgressHUD */,
				8F7643491C3BCBE30094B46C /* AFNetworking */,
				8F7642DE1C3B96830094B46C /* Reachability */,
			);
			name = Verson;
			sourceTree = "<group>";
		};
		8F7642DE1C3B96830094B46C /* Reachability */ = {
			isa = PBXGroup;
			children = (
				8F7642DF1C3B96830094B46C /* Reachability.h */,
				8F7642E01C3B96830094B46C /* Reachability.m */,
			);
			name = Reachability;
			path = Verson/Reachability;
			sourceTree = "<group>";
		};
		8F7642E21C3B9B460094B46C /* Login */ = {
			isa = PBXGroup;
			children = (
				8F7642E31C3B9B820094B46C /* XBBLoginViewController.h */,
				8F7642E41C3B9B820094B46C /* XBBLoginViewController.m */,
			);
			name = Login;
			sourceTree = "<group>";
		};
		8F7642EB1C3BB4130094B46C /* XBBNetRequest */ = {
			isa = PBXGroup;
			children = (
				8F7643861C3BCEEE0094B46C /* NetworkHelper.h */,
				8F7643871C3BCEEE0094B46C /* NetworkHelper.m */,
			);
			name = XBBNetRequest;
			sourceTree = "<group>";
		};
		8F7643491C3BCBE30094B46C /* AFNetworking */ = {
			isa = PBXGroup;
			children = (
				8F76434A1C3BCBE30094B46C /* AFNetworking */,
				8F76435E1C3BCBE30094B46C /* LICENSE */,
				8F76435F1C3BCBE30094B46C /* README.md */,
				8F7643601C3BCBE30094B46C /* UIKit+AFNetworking */,
			);
			name = AFNetworking;
			path = Verson/Reachability/AFNetworking;
			sourceTree = "<group>";
		};
		8F76434A1C3BCBE30094B46C /* AFNetworking */ = {
			isa = PBXGroup;
			children = (
				8F76434B1C3BCBE30094B46C /* AFHTTPRequestOperation.h */,
				8F76434C1C3BCBE30094B46C /* AFHTTPRequestOperation.m */,
				8F76434D1C3BCBE30094B46C /* AFHTTPRequestOperationManager.h */,
				8F76434E1C3BCBE30094B46C /* AFHTTPRequestOperationManager.m */,
				8F76434F1C3BCBE30094B46C /* AFHTTPSessionManager.h */,
				8F7643501C3BCBE30094B46C /* AFHTTPSessionManager.m */,
				8F7643511C3BCBE30094B46C /* AFNetworking.h */,
				8F7643521C3BCBE30094B46C /* AFNetworkReachabilityManager.h */,
				8F7643531C3BCBE30094B46C /* AFNetworkReachabilityManager.m */,
				8F7643541C3BCBE30094B46C /* AFSecurityPolicy.h */,
				8F7643551C3BCBE30094B46C /* AFSecurityPolicy.m */,
				8F7643561C3BCBE30094B46C /* AFURLConnectionOperation.h */,
				8F7643571C3BCBE30094B46C /* AFURLConnectionOperation.m */,
				8F7643581C3BCBE30094B46C /* AFURLRequestSerialization.h */,
				8F7643591C3BCBE30094B46C /* AFURLRequestSerialization.m */,
				8F76435A1C3BCBE30094B46C /* AFURLResponseSerialization.h */,
				8F76435B1C3BCBE30094B46C /* AFURLResponseSerialization.m */,
				8F76435C1C3BCBE30094B46C /* AFURLSessionManager.h */,
				8F76435D1C3BCBE30094B46C /* AFURLSessionManager.m */,
			);
			path = AFNetworking;
			sourceTree = "<group>";
		};
		8F7643601C3BCBE30094B46C /* UIKit+AFNetworking */ = {
			isa = PBXGroup;
			children = (
				8F7643611C3BCBE30094B46C /* AFNetworkActivityIndicatorManager.h */,
				8F7643621C3BCBE30094B46C /* AFNetworkActivityIndicatorManager.m */,
				8F7643631C3BCBE30094B46C /* UIActivityIndicatorView+AFNetworking.h */,
				8F7643641C3BCBE30094B46C /* UIActivityIndicatorView+AFNetworking.m */,
				8F7643651C3BCBE30094B46C /* UIAlertView+AFNetworking.h */,
				8F7643661C3BCBE30094B46C /* UIAlertView+AFNetworking.m */,
				8F7643671C3BCBE30094B46C /* UIButton+AFNetworking.h */,
				8F7643681C3BCBE30094B46C /* UIButton+AFNetworking.m */,
				8F7643691C3BCBE30094B46C /* UIImage+AFNetworking.h */,
				8F76436A1C3BCBE30094B46C /* UIImageView+AFNetworking.h */,
				8F76436B1C3BCBE30094B46C /* UIImageView+AFNetworking.m */,
				8F76436C1C3BCBE30094B46C /* UIKit+AFNetworking.h */,
				8F76436D1C3BCBE30094B46C /* UIProgressView+AFNetworking.h */,
				8F76436E1C3BCBE30094B46C /* UIProgressView+AFNetworking.m */,
				8F76436F1C3BCBE30094B46C /* UIRefreshControl+AFNetworking.h */,
				8F7643701C3BCBE30094B46C /* UIRefreshControl+AFNetworking.m */,
				8F7643711C3BCBE30094B46C /* UIWebView+AFNetworking.h */,
				8F7643721C3BCBE30094B46C /* UIWebView+AFNetworking.m */,
			);
			path = "UIKit+AFNetworking";
			sourceTree = "<group>";
		};
		8F9CBE9B1C3A220100D6CE93 = {
			isa = PBXGroup;
			children = (
				8FEADA1A1C460925004C4B3C /* libz.tbd */,
				8FEADA181C46091B004C4B3C /* CoreTelephony.framework */,
				8FEADA161C46090C004C4B3C /* Foundation.framework */,
				8F7642F71C3BBE5C0094B46C /* MobileCoreServices.framework */,
				8F7642F51C3BBE4F0094B46C /* SystemConfiguration.framework */,
				8F9CBEA61C3A220100D6CE93 /* XibaibaiAdministrator */,
				8F7642A71C3B63CB0094B46C /* localFile */,
				8F9CBEC31C3A220100D6CE93 /* XibaibaiAdministratorTests */,
				8F9CBECE1C3A220100D6CE93 /* XibaibaiAdministratorUITests */,
				8F9CBEA51C3A220100D6CE93 /* Products */,
			);
			sourceTree = "<group>";
		};
		8F9CBEA51C3A220100D6CE93 /* Products */ = {
			isa = PBXGroup;
			children = (
				8F9CBEA41C3A220100D6CE93 /* XibaibaiAdministrator.app */,
				8F9CBEC01C3A220100D6CE93 /* XibaibaiAdministratorTests.xctest */,
				8F9CBECB1C3A220100D6CE93 /* XibaibaiAdministratorUITests.xctest */,
			);
			name = Products;
			sourceTree = "<group>";
		};
		8F9CBEA61C3A220100D6CE93 /* XibaibaiAdministrator */ = {
			isa = PBXGroup;
			children = (
				8F465BDC1C3E522D000163EC /* Protocols */,
				8F7642EB1C3BB4130094B46C /* XBBNetRequest */,
				8F7642DD1C3B95F40094B46C /* Verson */,
				8F7642D81C3B915E0094B46C /* Class */,
				8F7642D31C3B89220094B46C /* Macro */,
				8F7642CC1C3B88300094B46C /* BasePackage */,
				8F9CBEAA1C3A220100D6CE93 /* AppDelegate.h */,
				8F9CBEAB1C3A220100D6CE93 /* AppDelegate.m */,
				8F9CBEB61C3A220100D6CE93 /* Assets.xcassets */,
				8F9CBEBB1C3A220100D6CE93 /* Info.plist */,
				8F9CBEB31C3A220100D6CE93 /* XibaibaiAdministrator.xcdatamodeld */,
				8F9CBEA71C3A220100D6CE93 /* Supporting Files */,
			);
			path = XibaibaiAdministrator;
			sourceTree = "<group>";
		};
		8F9CBEA71C3A220100D6CE93 /* Supporting Files */ = {
			isa = PBXGroup;
			children = (
				8F9CBEA81C3A220100D6CE93 /* main.m */,
				8F7642D71C3B8DCB0094B46C /* PrefixHeader.pch */,
				8F7643441C3BC9520094B46C /* Launch Screen.storyboard */,
			);
			name = "Supporting Files";
			sourceTree = "<group>";
		};
		8F9CBEC31C3A220100D6CE93 /* XibaibaiAdministratorTests */ = {
			isa = PBXGroup;
			children = (
				8F9CBEC41C3A220100D6CE93 /* XibaibaiAdministratorTests.m */,
				8F9CBEC61C3A220100D6CE93 /* Info.plist */,
			);
			path = XibaibaiAdministratorTests;
			sourceTree = "<group>";
		};
		8F9CBECE1C3A220100D6CE93 /* XibaibaiAdministratorUITests */ = {
			isa = PBXGroup;
			children = (
				8F9CBECF1C3A220100D6CE93 /* XibaibaiAdministratorUITests.m */,
				8F9CBED11C3A220100D6CE93 /* Info.plist */,
			);
			path = XibaibaiAdministratorUITests;
			sourceTree = "<group>";
		};
		8FDE43881C3FABEA00B65F7D /* MJRefresh */ = {
			isa = PBXGroup;
			children = (
				8FDE43891C3FABEA00B65F7D /* LICENSE */,
				8FDE438A1C3FABEA00B65F7D /* MJRefresh */,
				8FDE43B71C3FABEA00B65F7D /* README.md */,
			);
			name = MJRefresh;
			path = Verson/MJRefresh;
			sourceTree = "<group>";
		};
		8FDE438A1C3FABEA00B65F7D /* MJRefresh */ = {
			isa = PBXGroup;
			children = (
				8FDE438B1C3FABEA00B65F7D /* Base */,
				8FDE43961C3FABEA00B65F7D /* Custom */,
				8FDE43AD1C3FABEA00B65F7D /* MJRefresh.bundle */,
				8FDE43AE1C3FABEA00B65F7D /* MJRefresh.h */,
				8FDE43AF1C3FABEA00B65F7D /* MJRefreshConst.h */,
				8FDE43B01C3FABEA00B65F7D /* MJRefreshConst.m */,
				8FDE43B11C3FABEA00B65F7D /* UIScrollView+MJExtension.h */,
				8FDE43B21C3FABEA00B65F7D /* UIScrollView+MJExtension.m */,
				8FDE43B31C3FABEA00B65F7D /* UIScrollView+MJRefresh.h */,
				8FDE43B41C3FABEA00B65F7D /* UIScrollView+MJRefresh.m */,
				8FDE43B51C3FABEA00B65F7D /* UIView+MJExtension.h */,
				8FDE43B61C3FABEA00B65F7D /* UIView+MJExtension.m */,
			);
			path = MJRefresh;
			sourceTree = "<group>";
		};
		8FDE438B1C3FABEA00B65F7D /* Base */ = {
			isa = PBXGroup;
			children = (
				8FDE438C1C3FABEA00B65F7D /* MJRefreshAutoFooter.h */,
				8FDE438D1C3FABEA00B65F7D /* MJRefreshAutoFooter.m */,
				8FDE438E1C3FABEA00B65F7D /* MJRefreshBackFooter.h */,
				8FDE438F1C3FABEA00B65F7D /* MJRefreshBackFooter.m */,
				8FDE43901C3FABEA00B65F7D /* MJRefreshComponent.h */,
				8FDE43911C3FABEA00B65F7D /* MJRefreshComponent.m */,
				8FDE43921C3FABEA00B65F7D /* MJRefreshFooter.h */,
				8FDE43931C3FABEA00B65F7D /* MJRefreshFooter.m */,
				8FDE43941C3FABEA00B65F7D /* MJRefreshHeader.h */,
				8FDE43951C3FABEA00B65F7D /* MJRefreshHeader.m */,
			);
			path = Base;
			sourceTree = "<group>";
		};
		8FDE43961C3FABEA00B65F7D /* Custom */ = {
			isa = PBXGroup;
			children = (
				8FDE43971C3FABEA00B65F7D /* Footer */,
				8FDE43A61C3FABEA00B65F7D /* Header */,
			);
			path = Custom;
			sourceTree = "<group>";
		};
		8FDE43971C3FABEA00B65F7D /* Footer */ = {
			isa = PBXGroup;
			children = (
				8FDE43981C3FABEA00B65F7D /* Auto */,
				8FDE439F1C3FABEA00B65F7D /* Back */,
			);
			path = Footer;
			sourceTree = "<group>";
		};
		8FDE43981C3FABEA00B65F7D /* Auto */ = {
			isa = PBXGroup;
			children = (
				8FDE43991C3FABEA00B65F7D /* MJRefreshAutoGifFooter.h */,
				8FDE439A1C3FABEA00B65F7D /* MJRefreshAutoGifFooter.m */,
				8FDE439B1C3FABEA00B65F7D /* MJRefreshAutoNormalFooter.h */,
				8FDE439C1C3FABEA00B65F7D /* MJRefreshAutoNormalFooter.m */,
				8FDE439D1C3FABEA00B65F7D /* MJRefreshAutoStateFooter.h */,
				8FDE439E1C3FABEA00B65F7D /* MJRefreshAutoStateFooter.m */,
			);
			path = Auto;
			sourceTree = "<group>";
		};
		8FDE439F1C3FABEA00B65F7D /* Back */ = {
			isa = PBXGroup;
			children = (
				8FDE43A01C3FABEA00B65F7D /* MJRefreshBackGifFooter.h */,
				8FDE43A11C3FABEA00B65F7D /* MJRefreshBackGifFooter.m */,
				8FDE43A21C3FABEA00B65F7D /* MJRefreshBackNormalFooter.h */,
				8FDE43A31C3FABEA00B65F7D /* MJRefreshBackNormalFooter.m */,
				8FDE43A41C3FABEA00B65F7D /* MJRefreshBackStateFooter.h */,
				8FDE43A51C3FABEA00B65F7D /* MJRefreshBackStateFooter.m */,
			);
			path = Back;
			sourceTree = "<group>";
		};
		8FDE43A61C3FABEA00B65F7D /* Header */ = {
			isa = PBXGroup;
			children = (
				8FDE43A71C3FABEA00B65F7D /* MJRefreshGifHeader.h */,
				8FDE43A81C3FABEA00B65F7D /* MJRefreshGifHeader.m */,
				8FDE43A91C3FABEA00B65F7D /* MJRefreshNormalHeader.h */,
				8FDE43AA1C3FABEA00B65F7D /* MJRefreshNormalHeader.m */,
				8FDE43AB1C3FABEA00B65F7D /* MJRefreshStateHeader.h */,
				8FDE43AC1C3FABEA00B65F7D /* MJRefreshStateHeader.m */,
			);
			path = Header;
			sourceTree = "<group>";
		};
		8FEADA121C4608EB004C4B3C /* LibBPush */ = {
			isa = PBXGroup;
			children = (
				8FEADA131C4608EB004C4B3C /* BPush.h */,
				8FEADA141C4608EB004C4B3C /* libBPush.a */,
			);
			path = LibBPush;
			sourceTree = "<group>";
		};
/* End PBXGroup section */

/* Begin PBXNativeTarget section */
		8F9CBEA31C3A220100D6CE93 /* XibaibaiAdministrator */ = {
			isa = PBXNativeTarget;
			buildConfigurationList = 8F9CBED41C3A220100D6CE93 /* Build configuration list for PBXNativeTarget "XibaibaiAdministrator" */;
			buildPhases = (
				8F9CBEA01C3A220100D6CE93 /* Sources */,
				8F9CBEA11C3A220100D6CE93 /* Frameworks */,
				8F9CBEA21C3A220100D6CE93 /* Resources */,
			);
			buildRules = (
			);
			dependencies = (
			);
			name = XibaibaiAdministrator;
			productName = XibaibaiAdministrator;
			productReference = 8F9CBEA41C3A220100D6CE93 /* XibaibaiAdministrator.app */;
			productType = "com.apple.product-type.application";
		};
		8F9CBEBF1C3A220100D6CE93 /* XibaibaiAdministratorTests */ = {
			isa = PBXNativeTarget;
			buildConfigurationList = 8F9CBED71C3A220100D6CE93 /* Build configuration list for PBXNativeTarget "XibaibaiAdministratorTests" */;
			buildPhases = (
				8F9CBEBC1C3A220100D6CE93 /* Sources */,
				8F9CBEBD1C3A220100D6CE93 /* Frameworks */,
				8F9CBEBE1C3A220100D6CE93 /* Resources */,
			);
			buildRules = (
			);
			dependencies = (
				8F9CBEC21C3A220100D6CE93 /* PBXTargetDependency */,
			);
			name = XibaibaiAdministratorTests;
			productName = XibaibaiAdministratorTests;
			productReference = 8F9CBEC01C3A220100D6CE93 /* XibaibaiAdministratorTests.xctest */;
			productType = "com.apple.product-type.bundle.unit-test";
		};
		8F9CBECA1C3A220100D6CE93 /* XibaibaiAdministratorUITests */ = {
			isa = PBXNativeTarget;
			buildConfigurationList = 8F9CBEDA1C3A220100D6CE93 /* Build configuration list for PBXNativeTarget "XibaibaiAdministratorUITests" */;
			buildPhases = (
				8F9CBEC71C3A220100D6CE93 /* Sources */,
				8F9CBEC81C3A220100D6CE93 /* Frameworks */,
				8F9CBEC91C3A220100D6CE93 /* Resources */,
			);
			buildRules = (
			);
			dependencies = (
				8F9CBECD1C3A220100D6CE93 /* PBXTargetDependency */,
			);
			name = XibaibaiAdministratorUITests;
			productName = XibaibaiAdministratorUITests;
			productReference = 8F9CBECB1C3A220100D6CE93 /* XibaibaiAdministratorUITests.xctest */;
			productType = "com.apple.product-type.bundle.ui-testing";
		};
/* End PBXNativeTarget section */

/* Begin PBXProject section */
		8F9CBE9C1C3A220100D6CE93 /* Project object */ = {
			isa = PBXProject;
			attributes = {
				LastUpgradeCheck = 0720;
				ORGANIZATIONNAME = xbb01;
				TargetAttributes = {
					8F9CBEA31C3A220100D6CE93 = {
						CreatedOnToolsVersion = 7.2;
						DevelopmentTeam = DS7VBB3FF6;
					};
					8F9CBEBF1C3A220100D6CE93 = {
						CreatedOnToolsVersion = 7.2;
						TestTargetID = 8F9CBEA31C3A220100D6CE93;
					};
					8F9CBECA1C3A220100D6CE93 = {
						CreatedOnToolsVersion = 7.2;
						TestTargetID = 8F9CBEA31C3A220100D6CE93;
					};
				};
			};
			buildConfigurationList = 8F9CBE9F1C3A220100D6CE93 /* Build configuration list for PBXProject "XibaibaiAdministrator" */;
			compatibilityVersion = "Xcode 3.2";
			developmentRegion = English;
			hasScannedForEncodings = 0;
			knownRegions = (
				en,
				Base,
				"zh-Hans",
			);
			mainGroup = 8F9CBE9B1C3A220100D6CE93;
			productRefGroup = 8F9CBEA51C3A220100D6CE93 /* Products */;
			projectDirPath = "";
			projectRoot = "";
			targets = (
				8F9CBEA31C3A220100D6CE93 /* XibaibaiAdministrator */,
				8F9CBEBF1C3A220100D6CE93 /* XibaibaiAdministratorTests */,
				8F9CBECA1C3A220100D6CE93 /* XibaibaiAdministratorUITests */,
			);
		};
/* End PBXProject section */

/* Begin PBXResourcesBuildPhase section */
		8F9CBEA21C3A220100D6CE93 /* Resources */ = {
			isa = PBXResourcesBuildPhase;
			buildActionMask = 2147483647;
			files = (
				8F465BB61C3CE245000163EC /* SVProgressHUD.bundle in Resources */,
				8F465BB31C3CE245000163EC /* LICENSE.txt in Resources */,
				8F7642BB1C3B71850094B46C /* Localizable.strings in Resources */,
				8F7642B51C3B6D800094B46C /* InfoPlist.strings in Resources */,
				8F7643421C3BC9520094B46C /* Launch Screen.storyboard in Resources */,
				8F465BC11C3D1119000163EC /* XBBOrderTableViewCell.xib in Resources */,
				8FDE43B81C3FABEA00B65F7D /* LICENSE in Resources */,
				8F9CBEB71C3A220100D6CE93 /* Assets.xcassets in Resources */,
				8FDE43C71C3FABEA00B65F7D /* MJRefresh.bundle in Resources */,
				8F76437C1C3BCBE30094B46C /* LICENSE in Resources */,
			);
			runOnlyForDeploymentPostprocessing = 0;
		};
		8F9CBEBE1C3A220100D6CE93 /* Resources */ = {
			isa = PBXResourcesBuildPhase;
			buildActionMask = 2147483647;
			files = (
			);
			runOnlyForDeploymentPostprocessing = 0;
		};
		8F9CBEC91C3A220100D6CE93 /* Resources */ = {
			isa = PBXResourcesBuildPhase;
			buildActionMask = 2147483647;
			files = (
			);
			runOnlyForDeploymentPostprocessing = 0;
		};
/* End PBXResourcesBuildPhase section */

/* Begin PBXSourcesBuildPhase section */
		8F9CBEA01C3A220100D6CE93 /* Sources */ = {
			isa = PBXSourcesBuildPhase;
			buildActionMask = 2147483647;
			files = (
				8F7643781C3BCBE30094B46C /* AFURLConnectionOperation.m in Sources */,
				8FDE43BE1C3FABEA00B65F7D /* MJRefreshAutoGifFooter.m in Sources */,
				8F7642D21C3B88EB0094B46C /* XBBBaseNavigationViewController.m in Sources */,
				8F76437D1C3BCBE30094B46C /* README.md in Sources */,
				8F7643771C3BCBE30094B46C /* AFSecurityPolicy.m in Sources */,
				8FDE43C61C3FABEA00B65F7D /* MJRefreshStateHeader.m in Sources */,
				8F9CBEB51C3A220100D6CE93 /* XibaibaiAdministrator.xcdatamodeld in Sources */,
				8F465BB51C3CE245000163EC /* SVIndefiniteAnimatedView.m in Sources */,
				8F76437E1C3BCBE30094B46C /* AFNetworkActivityIndicatorManager.m in Sources */,
				8F7643741C3BCBE30094B46C /* AFHTTPRequestOperationManager.m in Sources */,
				8FDE43BB1C3FABEA00B65F7D /* MJRefreshComponent.m in Sources */,
				8FDE43BC1C3FABEA00B65F7D /* MJRefreshFooter.m in Sources */,
				8F7642E11C3B96830094B46C /* Reachability.m in Sources */,
				8F7642CF1C3B88A10094B46C /* XBBBaseTableViewController.m in Sources */,
				8FDE43C11C3FABEA00B65F7D /* MJRefreshBackGifFooter.m in Sources */,
				8F7642E51C3B9B820094B46C /* XBBLoginViewController.m in Sources */,
				8FDE43C21C3FABEA00B65F7D /* MJRefreshBackNormalFooter.m in Sources */,
				8F7643821C3BCBE30094B46C /* UIImageView+AFNetworking.m in Sources */,
				8F7643831C3BCBE30094B46C /* UIProgressView+AFNetworking.m in Sources */,
				8FDE43B91C3FABEA00B65F7D /* MJRefreshAutoFooter.m in Sources */,
				8FDE43BA1C3FABEA00B65F7D /* MJRefreshBackFooter.m in Sources */,
				8FDE43BD1C3FABEA00B65F7D /* MJRefreshHeader.m in Sources */,
				8F465BC01C3D1119000163EC /* XBBOrderTableViewCell.m in Sources */,
				8F9CBEAF1C3A220100D6CE93 /* XBBBaseViewController.m in Sources */,
				8F465BB41C3CE245000163EC /* README.md in Sources */,
				8FDE43C51C3FABEA00B65F7D /* MJRefreshNormalHeader.m in Sources */,
				8F7643841C3BCBE30094B46C /* UIRefreshControl+AFNetworking.m in Sources */,
				8F76437B1C3BCBE30094B46C /* AFURLSessionManager.m in Sources */,
				8F76437A1C3BCBE30094B46C /* AFURLResponseSerialization.m in Sources */,
				8F465BDB1C3E4354000163EC /* XbbPopView.m in Sources */,
				8F7643811C3BCBE30094B46C /* UIButton+AFNetworking.m in Sources */,
				8FDE43871C3F8B4200B65F7D /* XBBObject.m in Sources */,
				8F76437F1C3BCBE30094B46C /* UIActivityIndicatorView+AFNetworking.m in Sources */,
				8F9CBEAC1C3A220100D6CE93 /* AppDelegate.m in Sources */,
				8F7642DC1C3B91E70094B46C /* XBBHomeViewConctroller.m in Sources */,
				8F7643791C3BCBE30094B46C /* AFURLRequestSerialization.m in Sources */,
				8F7643761C3BCBE30094B46C /* AFNetworkReachabilityManager.m in Sources */,
				8FDE43C31C3FABEA00B65F7D /* MJRefreshBackStateFooter.m in Sources */,
				8FDE43C81C3FABEA00B65F7D /* MJRefreshConst.m in Sources */,
				8FDE43C41C3FABEA00B65F7D /* MJRefreshGifHeader.m in Sources */,
				8FDE43CA1C3FABEA00B65F7D /* UIScrollView+MJRefresh.m in Sources */,
				8FDE43C91C3FABEA00B65F7D /* UIScrollView+MJExtension.m in Sources */,
				8FDE43CC1C3FABEA00B65F7D /* README.md in Sources */,
				8F9CBEA91C3A220100D6CE93 /* main.m in Sources */,
				8F7643851C3BCBE30094B46C /* UIWebView+AFNetworking.m in Sources */,
				8F465BE01C3E6752000163EC /* XBBNotDataView.m in Sources */,
				8FDE43BF1C3FABEA00B65F7D /* MJRefreshAutoNormalFooter.m in Sources */,
				8F7643731C3BCBE30094B46C /* AFHTTPRequestOperation.m in Sources */,
				8F7643881C3BCEEE0094B46C /* NetworkHelper.m in Sources */,
				8FDE43861C3F8B4200B65F7D /* XBBObject+CoreDataProperties.m in Sources */,
				8FDE43CB1C3FABEA00B65F7D /* UIView+MJExtension.m in Sources */,
				8FDE43C01C3FABEA00B65F7D /* MJRefreshAutoStateFooter.m in Sources */,
				8F7643751C3BCBE30094B46C /* AFHTTPSessionManager.m in Sources */,
				8F465BB71C3CE245000163EC /* SVProgressHUD.m in Sources */,
				8F7643801C3BCBE30094B46C /* UIAlertView+AFNetworking.m in Sources */,
			);
			runOnlyForDeploymentPostprocessing = 0;
		};
		8F9CBEBC1C3A220100D6CE93 /* Sources */ = {
			isa = PBXSourcesBuildPhase;
			buildActionMask = 2147483647;
			files = (
				8F9CBEC51C3A220100D6CE93 /* XibaibaiAdministratorTests.m in Sources */,
			);
			runOnlyForDeploymentPostprocessing = 0;
		};
		8F9CBEC71C3A220100D6CE93 /* Sources */ = {
			isa = PBXSourcesBuildPhase;
			buildActionMask = 2147483647;
			files = (
				8F9CBED01C3A220100D6CE93 /* XibaibaiAdministratorUITests.m in Sources */,
			);
			runOnlyForDeploymentPostprocessing = 0;
		};
/* End PBXSourcesBuildPhase section */

/* Begin PBXTargetDependency section */
		8F9CBEC21C3A220100D6CE93 /* PBXTargetDependency */ = {
			isa = PBXTargetDependency;
			target = 8F9CBEA31C3A220100D6CE93 /* XibaibaiAdministrator */;
			targetProxy = 8F9CBEC11C3A220100D6CE93 /* PBXContainerItemProxy */;
		};
		8F9CBECD1C3A220100D6CE93 /* PBXTargetDependency */ = {
			isa = PBXTargetDependency;
			target = 8F9CBEA31C3A220100D6CE93 /* XibaibaiAdministrator */;
			targetProxy = 8F9CBECC1C3A220100D6CE93 /* PBXContainerItemProxy */;
		};
/* End PBXTargetDependency section */

/* Begin PBXVariantGroup section */
		8F7642B71C3B6D800094B46C /* InfoPlist.strings */ = {
			isa = PBXVariantGroup;
			children = (
				8F7642B61C3B6D800094B46C /* zh-Hans */,
				8F7642B81C3B6D820094B46C /* en */,
			);
			name = InfoPlist.strings;
			sourceTree = "<group>";
		};
		8F7642BD1C3B71850094B46C /* Localizable.strings */ = {
			isa = PBXVariantGroup;
			children = (
				8F7642BC1C3B71850094B46C /* en */,
				8F7642BE1C3B71870094B46C /* zh-Hans */,
			);
			name = Localizable.strings;
			sourceTree = "<group>";
		};
		8F7643441C3BC9520094B46C /* Launch Screen.storyboard */ = {
			isa = PBXVariantGroup;
			children = (
				8F7643431C3BC9520094B46C /* en */,
			);
			name = "Launch Screen.storyboard";
			sourceTree = "<group>";
		};
/* End PBXVariantGroup section */

/* Begin XCBuildConfiguration section */
		8F9CBED21C3A220100D6CE93 /* Debug */ = {
			isa = XCBuildConfiguration;
			buildSettings = {
				ALWAYS_SEARCH_USER_PATHS = NO;
				CLANG_CXX_LANGUAGE_STANDARD = "gnu++0x";
				CLANG_CXX_LIBRARY = "libc++";
				CLANG_ENABLE_MODULES = YES;
				CLANG_ENABLE_OBJC_ARC = YES;
				CLANG_WARN_BOOL_CONVERSION = YES;
				CLANG_WARN_CONSTANT_CONVERSION = YES;
				CLANG_WARN_DIRECT_OBJC_ISA_USAGE = YES_ERROR;
				CLANG_WARN_EMPTY_BODY = YES;
				CLANG_WARN_ENUM_CONVERSION = YES;
				CLANG_WARN_INT_CONVERSION = YES;
				CLANG_WARN_OBJC_ROOT_CLASS = YES_ERROR;
				CLANG_WARN_UNREACHABLE_CODE = YES;
				CLANG_WARN__DUPLICATE_METHOD_MATCH = YES;
				"CODE_SIGN_IDENTITY[sdk=iphoneos*]" = "iPhone Developer";
				COPY_PHASE_STRIP = NO;
				DEBUG_INFORMATION_FORMAT = dwarf;
				ENABLE_STRICT_OBJC_MSGSEND = YES;
				ENABLE_TESTABILITY = YES;
				GCC_C_LANGUAGE_STANDARD = gnu99;
				GCC_DYNAMIC_NO_PIC = NO;
				GCC_NO_COMMON_BLOCKS = YES;
				GCC_OPTIMIZATION_LEVEL = 0;
				GCC_PREPROCESSOR_DEFINITIONS = (
					"DEBUG=1",
					"$(inherited)",
				);
				GCC_WARN_64_TO_32_BIT_CONVERSION = YES;
				GCC_WARN_ABOUT_RETURN_TYPE = YES_ERROR;
				GCC_WARN_UNDECLARED_SELECTOR = YES;
				GCC_WARN_UNINITIALIZED_AUTOS = YES_AGGRESSIVE;
				GCC_WARN_UNUSED_FUNCTION = YES;
				GCC_WARN_UNUSED_VARIABLE = YES;
				IPHONEOS_DEPLOYMENT_TARGET = 9.2;
				MTL_ENABLE_DEBUG_INFO = YES;
				ONLY_ACTIVE_ARCH = YES;
				SDKROOT = iphoneos;
			};
			name = Debug;
		};
		8F9CBED31C3A220100D6CE93 /* Release */ = {
			isa = XCBuildConfiguration;
			buildSettings = {
				ALWAYS_SEARCH_USER_PATHS = NO;
				CLANG_CXX_LANGUAGE_STANDARD = "gnu++0x";
				CLANG_CXX_LIBRARY = "libc++";
				CLANG_ENABLE_MODULES = YES;
				CLANG_ENABLE_OBJC_ARC = YES;
				CLANG_WARN_BOOL_CONVERSION = YES;
				CLANG_WARN_CONSTANT_CONVERSION = YES;
				CLANG_WARN_DIRECT_OBJC_ISA_USAGE = YES_ERROR;
				CLANG_WARN_EMPTY_BODY = YES;
				CLANG_WARN_ENUM_CONVERSION = YES;
				CLANG_WARN_INT_CONVERSION = YES;
				CLANG_WARN_OBJC_ROOT_CLASS = YES_ERROR;
				CLANG_WARN_UNREACHABLE_CODE = YES;
				CLANG_WARN__DUPLICATE_METHOD_MATCH = YES;
				"CODE_SIGN_IDENTITY[sdk=iphoneos*]" = "iPhone Developer";
				COPY_PHASE_STRIP = NO;
				DEBUG_INFORMATION_FORMAT = "dwarf-with-dsym";
				ENABLE_NS_ASSERTIONS = NO;
				ENABLE_STRICT_OBJC_MSGSEND = YES;
				GCC_C_LANGUAGE_STANDARD = gnu99;
				GCC_NO_COMMON_BLOCKS = YES;
				GCC_WARN_64_TO_32_BIT_CONVERSION = YES;
				GCC_WARN_ABOUT_RETURN_TYPE = YES_ERROR;
				GCC_WARN_UNDECLARED_SELECTOR = YES;
				GCC_WARN_UNINITIALIZED_AUTOS = YES_AGGRESSIVE;
				GCC_WARN_UNUSED_FUNCTION = YES;
				GCC_WARN_UNUSED_VARIABLE = YES;
				IPHONEOS_DEPLOYMENT_TARGET = 9.2;
				MTL_ENABLE_DEBUG_INFO = NO;
				SDKROOT = iphoneos;
				VALIDATE_PRODUCT = YES;
			};
			name = Release;
		};
		8F9CBED51C3A220100D6CE93 /* Debug */ = {
			isa = XCBuildConfiguration;
			buildSettings = {
				ASSETCATALOG_COMPILER_APPICON_NAME = AppIcon;
				CODE_SIGN_IDENTITY = "iPhone Developer";
				"CODE_SIGN_IDENTITY[sdk=iphoneos*]" = "iPhone Developer";
				FRAMEWORK_SEARCH_PATHS = (
					"$(inherited)",
					"$(PROJECT_DIR)/XibaibaiAdministrator/Verson/AFNetworking",
					"$(PROJECT_DIR)/XibaibaiAdministrator/Verson",
				);
				GCC_PRECOMPILE_PREFIX_HEADER = YES;
				GCC_PREFIX_HEADER = "$(SRCROOT)/XibaibaiAdministrator/PrefixHeader.pch";
				INFOPLIST_FILE = XibaibaiAdministrator/Info.plist;
				IPHONEOS_DEPLOYMENT_TARGET = 8.0;
				LD_RUNPATH_SEARCH_PATHS = "$(inherited) @executable_path/Frameworks";
				LIBRARY_SEARCH_PATHS = (
					"$(inherited)",
					"$(PROJECT_DIR)/XibaibaiAdministrator/LibBPush",
				);
				PRODUCT_BUNDLE_IDENTIFIER = com.xbb.xbb;
				PRODUCT_NAME = "$(TARGET_NAME)";
				PROVISIONING_PROFILE = "";
				TARGETED_DEVICE_FAMILY = 1;
			};
			name = Debug;
		};
		8F9CBED61C3A220100D6CE93 /* Release */ = {
			isa = XCBuildConfiguration;
			buildSettings = {
				ASSETCATALOG_COMPILER_APPICON_NAME = AppIcon;
				CODE_SIGN_IDENTITY = "iPhone Developer";
				"CODE_SIGN_IDENTITY[sdk=iphoneos*]" = "iPhone Developer";
				FRAMEWORK_SEARCH_PATHS = (
					"$(inherited)",
					"$(PROJECT_DIR)/XibaibaiAdministrator/Verson/AFNetworking",
					"$(PROJECT_DIR)/XibaibaiAdministrator/Verson",
				);
				GCC_PRECOMPILE_PREFIX_HEADER = YES;
				GCC_PREFIX_HEADER = "$(SRCROOT)/XibaibaiAdministrator/PrefixHeader.pch";
				INFOPLIST_FILE = XibaibaiAdministrator/Info.plist;
				IPHONEOS_DEPLOYMENT_TARGET = 8.0;
				LD_RUNPATH_SEARCH_PATHS = "$(inherited) @executable_path/Frameworks";
				LIBRARY_SEARCH_PATHS = (
					"$(inherited)",
					"$(PROJECT_DIR)/XibaibaiAdministrator/LibBPush",
				);
				PRODUCT_BUNDLE_IDENTIFIER = com.xbb.xbb;
				PRODUCT_NAME = "$(TARGET_NAME)";
				PROVISIONING_PROFILE = "";
				TARGETED_DEVICE_FAMILY = 1;
			};
			name = Release;
		};
		8F9CBED81C3A220100D6CE93 /* Debug */ = {
			isa = XCBuildConfiguration;
			buildSettings = {
				BUNDLE_LOADER = "$(TEST_HOST)";
				INFOPLIST_FILE = XibaibaiAdministratorTests/Info.plist;
				LD_RUNPATH_SEARCH_PATHS = "$(inherited) @executable_path/Frameworks @loader_path/Frameworks";
				PRODUCT_BUNDLE_IDENTIFIER = com.xbb..XibaibaiAdministratorTests;
				PRODUCT_NAME = "$(TARGET_NAME)";
				TEST_HOST = "$(BUILT_PRODUCTS_DIR)/XibaibaiAdministrator.app/XibaibaiAdministrator";
			};
			name = Debug;
		};
		8F9CBED91C3A220100D6CE93 /* Release */ = {
			isa = XCBuildConfiguration;
			buildSettings = {
				BUNDLE_LOADER = "$(TEST_HOST)";
				INFOPLIST_FILE = XibaibaiAdministratorTests/Info.plist;
				LD_RUNPATH_SEARCH_PATHS = "$(inherited) @executable_path/Frameworks @loader_path/Frameworks";
				PRODUCT_BUNDLE_IDENTIFIER = com.xbb..XibaibaiAdministratorTests;
				PRODUCT_NAME = "$(TARGET_NAME)";
				TEST_HOST = "$(BUILT_PRODUCTS_DIR)/XibaibaiAdministrator.app/XibaibaiAdministrator";
			};
			name = Release;
		};
		8F9CBEDB1C3A220100D6CE93 /* Debug */ = {
			isa = XCBuildConfiguration;
			buildSettings = {
				INFOPLIST_FILE = XibaibaiAdministratorUITests/Info.plist;
				LD_RUNPATH_SEARCH_PATHS = "$(inherited) @executable_path/Frameworks @loader_path/Frameworks";
				PRODUCT_BUNDLE_IDENTIFIER = com.xbb..XibaibaiAdministratorUITests;
				PRODUCT_NAME = "$(TARGET_NAME)";
				TEST_TARGET_NAME = XibaibaiAdministrator;
				USES_XCTRUNNER = YES;
			};
			name = Debug;
		};
		8F9CBEDC1C3A220100D6CE93 /* Release */ = {
			isa = XCBuildConfiguration;
			buildSettings = {
				INFOPLIST_FILE = XibaibaiAdministratorUITests/Info.plist;
				LD_RUNPATH_SEARCH_PATHS = "$(inherited) @executable_path/Frameworks @loader_path/Frameworks";
				PRODUCT_BUNDLE_IDENTIFIER = com.xbb..XibaibaiAdministratorUITests;
				PRODUCT_NAME = "$(TARGET_NAME)";
				TEST_TARGET_NAME = XibaibaiAdministrator;
				USES_XCTRUNNER = YES;
			};
			name = Release;
		};
/* End XCBuildConfiguration section */

/* Begin XCConfigurationList section */
		8F9CBE9F1C3A220100D6CE93 /* Build configuration list for PBXProject "XibaibaiAdministrator" */ = {
			isa = XCConfigurationList;
			buildConfigurations = (
				8F9CBED21C3A220100D6CE93 /* Debug */,
				8F9CBED31C3A220100D6CE93 /* Release */,
			);
			defaultConfigurationIsVisible = 0;
			defaultConfigurationName = Release;
		};
		8F9CBED41C3A220100D6CE93 /* Build configuration list for PBXNativeTarget "XibaibaiAdministrator" */ = {
			isa = XCConfigurationList;
			buildConfigurations = (
				8F9CBED51C3A220100D6CE93 /* Debug */,
				8F9CBED61C3A220100D6CE93 /* Release */,
			);
			defaultConfigurationIsVisible = 0;
			defaultConfigurationName = Release;
		};
		8F9CBED71C3A220100D6CE93 /* Build configuration list for PBXNativeTarget "XibaibaiAdministratorTests" */ = {
			isa = XCConfigurationList;
			buildConfigurations = (
				8F9CBED81C3A220100D6CE93 /* Debug */,
				8F9CBED91C3A220100D6CE93 /* Release */,
			);
			defaultConfigurationIsVisible = 0;
			defaultConfigurationName = Release;
		};
		8F9CBEDA1C3A220100D6CE93 /* Build configuration list for PBXNativeTarget "XibaibaiAdministratorUITests" */ = {
			isa = XCConfigurationList;
			buildConfigurations = (
				8F9CBEDB1C3A220100D6CE93 /* Debug */,
				8F9CBEDC1C3A220100D6CE93 /* Release */,
			);
			defaultConfigurationIsVisible = 0;
			defaultConfigurationName = Release;
		};
/* End XCConfigurationList section */

/* Begin XCVersionGroup section */
		8F9CBEB31C3A220100D6CE93 /* XibaibaiAdministrator.xcdatamodeld */ = {
			isa = XCVersionGroup;
			children = (
				8F9CBEB41C3A220100D6CE93 /* XibaibaiAdministrator.xcdatamodel */,
			);
			currentVersion = 8F9CBEB41C3A220100D6CE93 /* XibaibaiAdministrator.xcdatamodel */;
			path = XibaibaiAdministrator.xcdatamodeld;
			sourceTree = "<group>";
			versionGroupType = wrapper.xcdatamodel;
		};
/* End XCVersionGroup section */
	};
	rootObject = 8F9CBE9C1C3A220100D6CE93 /* Project object */;
}
